// !$*UTF8*$!
{
	archiveVersion = 1;
	classes = {
	};
	objectVersion = 55;
	objects = {

/* Begin PBXBuildFile section */
		1E100149283E1E4800D8057E /* UIRefresh in Frameworks */ = {isa = PBXBuildFile; productRef = 1E100148283E1E4800D8057E /* UIRefresh */; };
		1E1AEB69286177490031C454 /* UIToast in Frameworks */ = {isa = PBXBuildFile; productRef = 1E1AEB68286177490031C454 /* UIToast */; };
		1E21A5C1283D215C00EEEEFC /* AsyncImageView in Frameworks */ = {isa = PBXBuildFile; productRef = 1E21A5C0283D215C00EEEEFC /* AsyncImageView */; };
		1E42B801283D142E005D2247 /* UIHierarchy in Frameworks */ = {isa = PBXBuildFile; productRef = 1E42B800283D142E005D2247 /* UIHierarchy */; };
		1E749B8B2841DF9B00EE079C /* UIRoute in Frameworks */ = {isa = PBXBuildFile; productRef = 1E749B8A2841DF9B00EE079C /* UIRoute */; };
		1E7EBD18286084C50091CB57 /* UIFeedback in Frameworks */ = {isa = PBXBuildFile; productRef = 1E7EBD17286084C50091CB57 /* UIFeedback */; };
		1E7F75842836808E0035A8E2 /* AppLifecycle in Frameworks */ = {isa = PBXBuildFile; productRef = 1E7F75832836808E0035A8E2 /* AppLifecycle */; };
		1E7F7587283680A30035A8E2 /* Chain in Frameworks */ = {isa = PBXBuildFile; productRef = 1E7F7586283680A30035A8E2 /* Chain */; };
		1E7F7589283680A70035A8E2 /* UICombine in Frameworks */ = {isa = PBXBuildFile; productRef = 1E7F7588283680A70035A8E2 /* UICombine */; };
		1E7F758B283680AC0035A8E2 /* UILayout in Frameworks */ = {isa = PBXBuildFile; productRef = 1E7F758A283680AC0035A8E2 /* UILayout */; };
		1E7F758D283730230035A8E2 /* BaseUI in Frameworks */ = {isa = PBXBuildFile; productRef = 1E7F758C283730230035A8E2 /* BaseUI */; };
		1E7F759A28373B750035A8E2 /* Service.framework in Frameworks */ = {isa = PBXBuildFile; fileRef = 1E7F759928373B750035A8E2 /* Service.framework */; };
		1E7F75A328373BC00035A8E2 /* Exported.swift in Sources */ = {isa = PBXBuildFile; fileRef = 1E7F75A228373BC00035A8E2 /* Exported.swift */; };
		1E7F75EF283782520035A8E2 /* UIResource in Frameworks */ = {isa = PBXBuildFile; productRef = 1E7F75EE283782520035A8E2 /* UIResource */; };
		EB31AB0268EDB7096AE528EA /* UICoreModule.swift in Sources */ = {isa = PBXBuildFile; fileRef = EB31A7CBEFA92D8BD0CE88F0 /* UICoreModule.swift */; };
/* End PBXBuildFile section */

/* Begin PBXFileReference section */
		1E7F752A283633B20035A8E2 /* .framework */ = {isa = PBXFileReference; explicitFileType = wrapper.framework; includeInIndex = 0; name = .framework; path = UICore.framework; sourceTree = BUILT_PRODUCTS_DIR; };
		1E7F75852836809D0035A8E2 /* Chain */ = {isa = PBXFileReference; lastKnownFileType = wrapper; name = Chain; path = ../../../../Packages/UICore/Chain; sourceTree = "<group>"; };
		1E7F759928373B750035A8E2 /* Service.framework */ = {isa = PBXFileReference; explicitFileType = wrapper.framework; path = Service.framework; sourceTree = BUILT_PRODUCTS_DIR; };
		1E7F75A228373BC00035A8E2 /* Exported.swift */ = {isa = PBXFileReference; fileEncoding = 4; lastKnownFileType = sourcecode.swift; path = Exported.swift; sourceTree = "<group>"; };
		1EBAFEFD285B294300CFF89B /* UICore.xcconfig */ = {isa = PBXFileReference; lastKnownFileType = text.xcconfig; path = UICore.xcconfig; sourceTree = "<group>"; };
		1EBAFF04285B31FB00CFF89B /* UICore.Debug.xcconfig */ = {isa = PBXFileReference; lastKnownFileType = text.xcconfig; path = UICore.Debug.xcconfig; sourceTree = "<group>"; };
		1EBAFF05285B320A00CFF89B /* UICore.Release.xcconfig */ = {isa = PBXFileReference; lastKnownFileType = text.xcconfig; path = UICore.Release.xcconfig; sourceTree = "<group>"; };
		EB31A7CBEFA92D8BD0CE88F0 /* UICoreModule.swift */ = {isa = PBXFileReference; fileEncoding = 4; lastKnownFileType = sourcecode.swift; path = UICoreModule.swift; sourceTree = "<group>"; };
/* End PBXFileReference section */

/* Begin PBXFrameworksBuildPhase section */
		1E7F7527283633B20035A8E2 /* Frameworks */ = {
			isa = PBXFrameworksBuildPhase;
			buildActionMask = 2147483647;
			files = (
				1E100149283E1E4800D8057E /* UIRefresh in Frameworks */,
				1E7EBD18286084C50091CB57 /* UIFeedback in Frameworks */,
				1E42B801283D142E005D2247 /* UIHierarchy in Frameworks */,
				1E7F759A28373B750035A8E2 /* Service.framework in Frameworks */,
				1E7F758D283730230035A8E2 /* BaseUI in Frameworks */,
				1E1AEB69286177490031C454 /* UIToast in Frameworks */,
				1E749B8B2841DF9B00EE079C /* UIRoute in Frameworks */,
				1E7F758B283680AC0035A8E2 /* UILayout in Frameworks */,
				1E21A5C1283D215C00EEEEFC /* AsyncImageView in Frameworks */,
				1E7F7587283680A30035A8E2 /* Chain in Frameworks */,
				1E7F75842836808E0035A8E2 /* AppLifecycle in Frameworks */,
				1E7F75EF283782520035A8E2 /* UIResource in Frameworks */,
				1E7F7589283680A70035A8E2 /* UICombine in Frameworks */,
			);
			runOnlyForDeploymentPostprocessing = 0;
		};
/* End PBXFrameworksBuildPhase section */

/* Begin PBXGroup section */
		1E7F7520283633B20035A8E2 = {
			isa = PBXGroup;
			children = (
				1E7F755C283636300035A8E2 /* Sources */,
				1EED8C1C285C84DB00BA33F9 /* Resources */,
				1EBAFEFC285B291600CFF89B /* XCConfig */,
				1E7F75822836808E0035A8E2 /* Frameworks */,
				1E7F752B283633B20035A8E2 /* Products */,
			);
			sourceTree = "<group>";
		};
		1E7F752B283633B20035A8E2 /* Products */ = {
			isa = PBXGroup;
			children = (
				1E7F752A283633B20035A8E2 /* .framework */,
			);
			name = Products;
			sourceTree = "<group>";
		};
		1E7F755C283636300035A8E2 /* Sources */ = {
			isa = PBXGroup;
			children = (
				1E7F75A228373BC00035A8E2 /* Exported.swift */,
				EB31A7CBEFA92D8BD0CE88F0 /* UICoreModule.swift */,
			);
			path = Sources;
			sourceTree = "<group>";
		};
		1E7F75822836808E0035A8E2 /* Frameworks */ = {
			isa = PBXGroup;
			children = (
				1E7F759928373B750035A8E2 /* Service.framework */,
				1E7F75852836809D0035A8E2 /* Chain */,
			);
			name = Frameworks;
			sourceTree = "<group>";
		};
		1EBAFEFC285B291600CFF89B /* XCConfig */ = {
			isa = PBXGroup;
			children = (
				1EBAFEFD285B294300CFF89B /* UICore.xcconfig */,
				1EBAFF04285B31FB00CFF89B /* UICore.Debug.xcconfig */,
				1EBAFF05285B320A00CFF89B /* UICore.Release.xcconfig */,
			);
			path = XCConfig;
			sourceTree = "<group>";
		};
		1EED8C1C285C84DB00BA33F9 /* Resources */ = {
			isa = PBXGroup;
			children = (
			);
			path = Resources;
			sourceTree = "<group>";
		};
/* End PBXGroup section */

/* Begin PBXHeadersBuildPhase section */
		1E7F7525283633B20035A8E2 /* Headers */ = {
			isa = PBXHeadersBuildPhase;
			buildActionMask = 2147483647;
			files = (
			);
			runOnlyForDeploymentPostprocessing = 0;
		};
/* End PBXHeadersBuildPhase section */

/* Begin PBXNativeTarget section */
		1E7F7529283633B20035A8E2 /* UICore */ = {
			isa = PBXNativeTarget;
			buildConfigurationList = 1E7F7533283633B20035A8E2 /* Build configuration list for PBXNativeTarget "UICore" */;
			buildPhases = (
				1E7F7525283633B20035A8E2 /* Headers */,
				1E7F7526283633B20035A8E2 /* Sources */,
				1E7F7527283633B20035A8E2 /* Frameworks */,
				1E7F7528283633B20035A8E2 /* Resources */,
			);
			buildRules = (
			);
			dependencies = (
			);
			name = UICore;
			packageProductDependencies = (
				1E7F75832836808E0035A8E2 /* AppLifecycle */,
				1E7F7586283680A30035A8E2 /* Chain */,
				1E7F7588283680A70035A8E2 /* UICombine */,
				1E7F758A283680AC0035A8E2 /* UILayout */,
				1E7F758C283730230035A8E2 /* BaseUI */,
				1E7F75EE283782520035A8E2 /* UIResource */,
				1E42B800283D142E005D2247 /* UIHierarchy */,
				1E21A5C0283D215C00EEEEFC /* AsyncImageView */,
				1E100148283E1E4800D8057E /* UIRefresh */,
				1E749B8A2841DF9B00EE079C /* UIRoute */,
				1E7EBD17286084C50091CB57 /* UIFeedback */,
				1E1AEB68286177490031C454 /* UIToast */,
			);
			productName = UICore;
			productReference = 1E7F752A283633B20035A8E2 /* .framework */;
			productType = "com.apple.product-type.framework";
		};
/* End PBXNativeTarget section */

/* Begin PBXProject section */
		1E7F7521283633B20035A8E2 /* Project object */ = {
			isa = PBXProject;
			attributes = {
				BuildIndependentTargetsInParallel = 1;
				LastUpgradeCheck = 1340;
				TargetAttributes = {
					1E7F7529283633B20035A8E2 = {
						CreatedOnToolsVersion = 13.4;
					};
				};
			};
			buildConfigurationList = 1E7F7524283633B20035A8E2 /* Build configuration list for PBXProject "UICore" */;
			compatibilityVersion = "Xcode 13.0";
			developmentRegion = en;
			hasScannedForEncodings = 0;
			knownRegions = (
				en,
				Base,
			);
			mainGroup = 1E7F7520283633B20035A8E2;
			productRefGroup = 1E7F752B283633B20035A8E2 /* Products */;
			projectDirPath = "";
			projectRoot = "";
			targets = (
				1E7F7529283633B20035A8E2 /* UICore */,
			);
		};
/* End PBXProject section */

/* Begin PBXResourcesBuildPhase section */
		1E7F7528283633B20035A8E2 /* Resources */ = {
			isa = PBXResourcesBuildPhase;
			buildActionMask = 2147483647;
			files = (
			);
			runOnlyForDeploymentPostprocessing = 0;
		};
/* End PBXResourcesBuildPhase section */

/* Begin PBXSourcesBuildPhase section */
		1E7F7526283633B20035A8E2 /* Sources */ = {
			isa = PBXSourcesBuildPhase;
			buildActionMask = 2147483647;
			files = (
				1E7F75A328373BC00035A8E2 /* Exported.swift in Sources */,
				EB31AB0268EDB7096AE528EA /* UICoreModule.swift in Sources */,
			);
			runOnlyForDeploymentPostprocessing = 0;
		};
/* End PBXSourcesBuildPhase section */

/* Begin XCBuildConfiguration section */
		1E7F7531283633B20035A8E2 /* Debug */ = {
			isa = XCBuildConfiguration;
			buildSettings = {
			};
			name = Debug;
		};
		1E7F7532283633B20035A8E2 /* Release */ = {
			isa = XCBuildConfiguration;
			buildSettings = {
			};
			name = Release;
		};
		1E7F7534283633B20035A8E2 /* Debug */ = {
			isa = XCBuildConfiguration;
			baseConfigurationReference = 1EBAFF04285B31FB00CFF89B /* UICore.Debug.xcconfig */;
			buildSettings = {
			};
			name = Debug;
		};
		1E7F7535283633B20035A8E2 /* Release */ = {
			isa = XCBuildConfiguration;
			baseConfigurationReference = 1EBAFF05285B320A00CFF89B /* UICore.Release.xcconfig */;
			buildSettings = {
			};
			name = Release;
		};
/* End XCBuildConfiguration section */

/* Begin XCConfigurationList section */
		1E7F7524283633B20035A8E2 /* Build configuration list for PBXProject "UICore" */ = {
			isa = XCConfigurationList;
			buildConfigurations = (
				1E7F7531283633B20035A8E2 /* Debug */,
				1E7F7532283633B20035A8E2 /* Release */,
			);
			defaultConfigurationIsVisible = 0;
			defaultConfigurationName = Release;
		};
		1E7F7533283633B20035A8E2 /* Build configuration list for PBXNativeTarget "UICore" */ = {
			isa = XCConfigurationList;
			buildConfigurations = (
				1E7F7534283633B20035A8E2 /* Debug */,
				1E7F7535283633B20035A8E2 /* Release */,
			);
			defaultConfigurationIsVisible = 0;
			defaultConfigurationName = Release;
		};
/* End XCConfigurationList section */

/* Begin XCSwiftPackageProductDependency section */
		1E100148283E1E4800D8057E /* UIRefresh */ = {
			isa = XCSwiftPackageProductDependency;
			productName = UIRefresh;
		};
		1E1AEB68286177490031C454 /* UIToast */ = {
			isa = XCSwiftPackageProductDependency;
			productName = UIToast;
		};
		1E21A5C0283D215C00EEEEFC /* AsyncImageView */ = {
			isa = XCSwiftPackageProductDependency;
			productName = AsyncImageView;
		};
		1E42B800283D142E005D2247 /* UIHierarchy */ = {
			isa = XCSwiftPackageProductDependency;
			productName = UIHierarchy;
		};
		1E749B8A2841DF9B00EE079C /* UIRoute */ = {
			isa = XCSwiftPackageProductDependency;
			productName = UIRoute;
		};
		1E7EBD17286084C50091CB57 /* UIFeedback */ = {
			isa = XCSwiftPackageProductDependency;
			productName = UIFeedback;
		};
		1E7F75832836808E0035A8E2 /* AppLifecycle */ = {
			isa = XCSwiftPackageProductDependency;
			productName = AppLifecycle;
		};
		1E7F7586283680A30035A8E2 /* Chain */ = {
			isa = XCSwiftPackageProductDependency;
			productName = Chain;
		};
		1E7F7588283680A70035A8E2 /* UICombine */ = {
			isa = XCSwiftPackageProductDependency;
			productName = UICombine;
		};
		1E7F758A283680AC0035A8E2 /* UILayout */ = {
			isa = XCSwiftPackageProductDependency;
			productName = UILayout;
		};
		1E7F758C283730230035A8E2 /* BaseUI */ = {
			isa = XCSwiftPackageProductDependency;
			productName = BaseUI;
		};
		1E7F75EE283782520035A8E2 /* UIResource */ = {
			isa = XCSwiftPackageProductDependency;
			productName = UIResource;
		};
/* End XCSwiftPackageProductDependency section */
	};
	rootObject = 1E7F7521283633B20035A8E2 /* Project object */;
}
