// !$*UTF8*$!
{
	archiveVersion = 1;
	classes = {
	};
	objectVersion = 55;
	objects = {

/* Begin PBXBuildFile section */
		1E7F76172837BECE0035A8E2 /* Center.framework in Frameworks */ = {isa = PBXBuildFile; fileRef = 1E7F76162837BECE0035A8E2 /* Center.framework */; };
		1E7F76192837BECE0035A8E2 /* Service.framework in Frameworks */ = {isa = PBXBuildFile; fileRef = 1E7F76182837BECE0035A8E2 /* Service.framework */; };
		1E7F761B2837BECE0035A8E2 /* UICore.framework in Frameworks */ = {isa = PBXBuildFile; fileRef = 1E7F761A2837BECE0035A8E2 /* UICore.framework */; };
		EB31A00201E26D919F2F3349 /* MeCollectionViewCell.swift in Sources */ = {isa = PBXBuildFile; fileRef = EB31A0DC5408DD9E1637E7D9 /* MeCollectionViewCell.swift */; };
		EB31A0AECBF322D92FC1FDEE /* Exported.swift in Sources */ = {isa = PBXBuildFile; fileRef = EB31AD193238325187935DA5 /* Exported.swift */; };
		EB31A101F1F680C09E4FA587 /* APIKeySection.swift in Sources */ = {isa = PBXBuildFile; fileRef = EB31A62CE15EAA20BFA00C01 /* APIKeySection.swift */; };
		EB31A1638D84AFC8A586A03B /* MeItemViewModel.swift in Sources */ = {isa = PBXBuildFile; fileRef = EB31A84E7C514749477362C1 /* MeItemViewModel.swift */; };
		EB31A1A30EC4AE49EA15F8EF /* APIKeyCollectionViewLayout.swift in Sources */ = {isa = PBXBuildFile; fileRef = EB31A96B589E334A670747CD /* APIKeyCollectionViewLayout.swift */; };
		EB31A1CE2C03B3F66554FEE0 /* APIKeyItem.swift in Sources */ = {isa = PBXBuildFile; fileRef = EB31A62487C960A6B8DD4669 /* APIKeyItem.swift */; };
		EB31A3208927DD5BD042FF3A /* MeCollectionViewDataSource.swift in Sources */ = {isa = PBXBuildFile; fileRef = EB31A00390B52D01A34A2B12 /* MeCollectionViewDataSource.swift */; };
		EB31A378B624F94E9493D68F /* APIKeyContentView.swift in Sources */ = {isa = PBXBuildFile; fileRef = EB31A47E44AAE351D4D043C8 /* APIKeyContentView.swift */; };
		EB31A45A1ECDCC0269D2A8F3 /* MeCollectionHeaderView.swift in Sources */ = {isa = PBXBuildFile; fileRef = EB31A7D98388A22BFC9BD079 /* MeCollectionHeaderView.swift */; };
		EB31A6682B38FDF41CEA4AF1 /* APIKeyProvider.swift in Sources */ = {isa = PBXBuildFile; fileRef = EB31A1462A80359615B9DEFC /* APIKeyProvider.swift */; };
		EB31A7AECE2A5D2A75F33B80 /* MeCollectionFooterView.swift in Sources */ = {isa = PBXBuildFile; fileRef = EB31A3FF9F577F823035A9E9 /* MeCollectionFooterView.swift */; };
		EB31A7BA2B43560A7E64FFF3 /* APIAboutCollectionViewCell.swift in Sources */ = {isa = PBXBuildFile; fileRef = EB31AACB9241A1A3204C42CD /* APIAboutCollectionViewCell.swift */; };
		EB31A86DECF3F0CD8FB4C7CB /* MeViewModel.swift in Sources */ = {isa = PBXBuildFile; fileRef = EB31A455EA0BCDBEB06D0B1B /* MeViewModel.swift */; };
		EB31AAD4299A296489459D8F /* MeContentView.swift in Sources */ = {isa = PBXBuildFile; fileRef = EB31AA62F3B365F7AD3881DF /* MeContentView.swift */; };
		EB31AADBECE05D8F41A457E2 /* APIKeyItemViewModelable.swift in Sources */ = {isa = PBXBuildFile; fileRef = EB31A13D9A1F91D26D9B65AC /* APIKeyItemViewModelable.swift */; };
		EB31AAF60FFCF5459880357C /* MeModule.swift in Sources */ = {isa = PBXBuildFile; fileRef = EB31A8337C7376F1B9B41855 /* MeModule.swift */; };
		EB31AC5516D40B85850055FB /* APIKeyViewController.swift in Sources */ = {isa = PBXBuildFile; fileRef = EB31A554E8D6011F374F35C4 /* APIKeyViewController.swift */; };
		EB31AE245AFA52A06E0F51B7 /* MeViewController.swift in Sources */ = {isa = PBXBuildFile; fileRef = EB31A3E844DF3A113F92E31F /* MeViewController.swift */; };
		EB31AE4F0D468B8E0145C6BF /* APIKeyViewModel.swift in Sources */ = {isa = PBXBuildFile; fileRef = EB31A03FFC39BAD4F57F53A9 /* APIKeyViewModel.swift */; };
		EB31AE634046D23FAC6E6F2B /* MeSection.swift in Sources */ = {isa = PBXBuildFile; fileRef = EB31A4A66F2BA37199B6F328 /* MeSection.swift */; };
		EB31AE86B14F4029A0C2E2CA /* APIKeyCollectionViewDataSource.swift in Sources */ = {isa = PBXBuildFile; fileRef = EB31A8806416FE9753365D5E /* APIKeyCollectionViewDataSource.swift */; };
		EB31AE8CFD0475307AABBDC4 /* APIKeyInputViewModel.swift in Sources */ = {isa = PBXBuildFile; fileRef = EB31A14618766E631D241D22 /* APIKeyInputViewModel.swift */; };
		EB31AF7A9390FF3B4C09C55A /* APIKeyInputCollectionViewCell.swift in Sources */ = {isa = PBXBuildFile; fileRef = EB31A058C9014B7741B39888 /* APIKeyInputCollectionViewCell.swift */; };
		EB31AF7DEF39DB3B91D68805 /* MeCollectionViewLayout.swift in Sources */ = {isa = PBXBuildFile; fileRef = EB31AFDF60510C7AEA7A3C99 /* MeCollectionViewLayout.swift */; };
		EB31AFAA8C37424027236137 /* MeNavigationViewController.swift in Sources */ = {isa = PBXBuildFile; fileRef = EB31AD0F0E09124A7C8AC4DA /* MeNavigationViewController.swift */; };
		EB31AFC31B11B5FD47780BAB /* APIKeyAboutViewModel.swift in Sources */ = {isa = PBXBuildFile; fileRef = EB31A0CD2084C80D8F566908 /* APIKeyAboutViewModel.swift */; };
/* End PBXBuildFile section */

/* Begin PBXCopyFilesBuildPhase section */
		1E7F76032837BEB20035A8E2 /* CopyFiles */ = {
			isa = PBXCopyFilesBuildPhase;
			buildActionMask = 2147483647;
			dstPath = "include/$(PRODUCT_NAME)";
			dstSubfolderSpec = 16;
			files = (
			);
			runOnlyForDeploymentPostprocessing = 0;
		};
/* End PBXCopyFilesBuildPhase section */

/* Begin PBXFileReference section */
		1E7F76052837BEB20035A8E2 /* libAppMe.a */ = {isa = PBXFileReference; explicitFileType = archive.ar; includeInIndex = 0; path = libAppMe.a; sourceTree = BUILT_PRODUCTS_DIR; };
		1E7F76162837BECE0035A8E2 /* Center.framework */ = {isa = PBXFileReference; explicitFileType = wrapper.framework; path = Center.framework; sourceTree = BUILT_PRODUCTS_DIR; };
		1E7F76182837BECE0035A8E2 /* Service.framework */ = {isa = PBXFileReference; explicitFileType = wrapper.framework; path = Service.framework; sourceTree = BUILT_PRODUCTS_DIR; };
		1E7F761A2837BECE0035A8E2 /* UICore.framework */ = {isa = PBXFileReference; explicitFileType = wrapper.framework; path = UICore.framework; sourceTree = BUILT_PRODUCTS_DIR; };
		EB31A00390B52D01A34A2B12 /* MeCollectionViewDataSource.swift */ = {isa = PBXFileReference; fileEncoding = 4; lastKnownFileType = sourcecode.swift; path = MeCollectionViewDataSource.swift; sourceTree = "<group>"; };
		EB31A03FFC39BAD4F57F53A9 /* APIKeyViewModel.swift */ = {isa = PBXFileReference; fileEncoding = 4; lastKnownFileType = sourcecode.swift; path = APIKeyViewModel.swift; sourceTree = "<group>"; };
		EB31A058C9014B7741B39888 /* APIKeyInputCollectionViewCell.swift */ = {isa = PBXFileReference; fileEncoding = 4; lastKnownFileType = sourcecode.swift; path = APIKeyInputCollectionViewCell.swift; sourceTree = "<group>"; };
		EB31A0CD2084C80D8F566908 /* APIKeyAboutViewModel.swift */ = {isa = PBXFileReference; fileEncoding = 4; lastKnownFileType = sourcecode.swift; path = APIKeyAboutViewModel.swift; sourceTree = "<group>"; };
		EB31A0DC5408DD9E1637E7D9 /* MeCollectionViewCell.swift */ = {isa = PBXFileReference; fileEncoding = 4; lastKnownFileType = sourcecode.swift; path = MeCollectionViewCell.swift; sourceTree = "<group>"; };
		EB31A13D9A1F91D26D9B65AC /* APIKeyItemViewModelable.swift */ = {isa = PBXFileReference; fileEncoding = 4; lastKnownFileType = sourcecode.swift; path = APIKeyItemViewModelable.swift; sourceTree = "<group>"; };
		EB31A14618766E631D241D22 /* APIKeyInputViewModel.swift */ = {isa = PBXFileReference; fileEncoding = 4; lastKnownFileType = sourcecode.swift; path = APIKeyInputViewModel.swift; sourceTree = "<group>"; };
		EB31A1462A80359615B9DEFC /* APIKeyProvider.swift */ = {isa = PBXFileReference; fileEncoding = 4; lastKnownFileType = sourcecode.swift; path = APIKeyProvider.swift; sourceTree = "<group>"; };
		EB31A3E844DF3A113F92E31F /* MeViewController.swift */ = {isa = PBXFileReference; fileEncoding = 4; lastKnownFileType = sourcecode.swift; path = MeViewController.swift; sourceTree = "<group>"; };
		EB31A3FF9F577F823035A9E9 /* MeCollectionFooterView.swift */ = {isa = PBXFileReference; fileEncoding = 4; lastKnownFileType = sourcecode.swift; path = MeCollectionFooterView.swift; sourceTree = "<group>"; };
		EB31A455EA0BCDBEB06D0B1B /* MeViewModel.swift */ = {isa = PBXFileReference; fileEncoding = 4; lastKnownFileType = sourcecode.swift; path = MeViewModel.swift; sourceTree = "<group>"; };
		EB31A47E44AAE351D4D043C8 /* APIKeyContentView.swift */ = {isa = PBXFileReference; fileEncoding = 4; lastKnownFileType = sourcecode.swift; path = APIKeyContentView.swift; sourceTree = "<group>"; };
		EB31A4A66F2BA37199B6F328 /* MeSection.swift */ = {isa = PBXFileReference; fileEncoding = 4; lastKnownFileType = sourcecode.swift; path = MeSection.swift; sourceTree = "<group>"; };
		EB31A554E8D6011F374F35C4 /* APIKeyViewController.swift */ = {isa = PBXFileReference; fileEncoding = 4; lastKnownFileType = sourcecode.swift; path = APIKeyViewController.swift; sourceTree = "<group>"; };
		EB31A62487C960A6B8DD4669 /* APIKeyItem.swift */ = {isa = PBXFileReference; fileEncoding = 4; lastKnownFileType = sourcecode.swift; path = APIKeyItem.swift; sourceTree = "<group>"; };
		EB31A62CE15EAA20BFA00C01 /* APIKeySection.swift */ = {isa = PBXFileReference; fileEncoding = 4; lastKnownFileType = sourcecode.swift; path = APIKeySection.swift; sourceTree = "<group>"; };
		EB31A7D98388A22BFC9BD079 /* MeCollectionHeaderView.swift */ = {isa = PBXFileReference; fileEncoding = 4; lastKnownFileType = sourcecode.swift; path = MeCollectionHeaderView.swift; sourceTree = "<group>"; };
		EB31A8337C7376F1B9B41855 /* MeModule.swift */ = {isa = PBXFileReference; fileEncoding = 4; lastKnownFileType = sourcecode.swift; path = MeModule.swift; sourceTree = "<group>"; };
		EB31A84E7C514749477362C1 /* MeItemViewModel.swift */ = {isa = PBXFileReference; fileEncoding = 4; lastKnownFileType = sourcecode.swift; path = MeItemViewModel.swift; sourceTree = "<group>"; };
		EB31A8806416FE9753365D5E /* APIKeyCollectionViewDataSource.swift */ = {isa = PBXFileReference; fileEncoding = 4; lastKnownFileType = sourcecode.swift; path = APIKeyCollectionViewDataSource.swift; sourceTree = "<group>"; };
		EB31A96B589E334A670747CD /* APIKeyCollectionViewLayout.swift */ = {isa = PBXFileReference; fileEncoding = 4; lastKnownFileType = sourcecode.swift; path = APIKeyCollectionViewLayout.swift; sourceTree = "<group>"; };
		EB31AA62F3B365F7AD3881DF /* MeContentView.swift */ = {isa = PBXFileReference; fileEncoding = 4; lastKnownFileType = sourcecode.swift; path = MeContentView.swift; sourceTree = "<group>"; };
		EB31AACB9241A1A3204C42CD /* APIAboutCollectionViewCell.swift */ = {isa = PBXFileReference; fileEncoding = 4; lastKnownFileType = sourcecode.swift; path = APIAboutCollectionViewCell.swift; sourceTree = "<group>"; };
		EB31AD0F0E09124A7C8AC4DA /* MeNavigationViewController.swift */ = {isa = PBXFileReference; fileEncoding = 4; lastKnownFileType = sourcecode.swift; path = MeNavigationViewController.swift; sourceTree = "<group>"; };
		EB31AD193238325187935DA5 /* Exported.swift */ = {isa = PBXFileReference; fileEncoding = 4; lastKnownFileType = sourcecode.swift; path = Exported.swift; sourceTree = "<group>"; };
		EB31AFDF60510C7AEA7A3C99 /* MeCollectionViewLayout.swift */ = {isa = PBXFileReference; fileEncoding = 4; lastKnownFileType = sourcecode.swift; path = MeCollectionViewLayout.swift; sourceTree = "<group>"; };
/* End PBXFileReference section */

/* Begin PBXFrameworksBuildPhase section */
		1E7F76022837BEB20035A8E2 /* Frameworks */ = {
			isa = PBXFrameworksBuildPhase;
			buildActionMask = 2147483647;
			files = (
				1E7F76172837BECE0035A8E2 /* Center.framework in Frameworks */,
				1E7F76192837BECE0035A8E2 /* Service.framework in Frameworks */,
				1E7F761B2837BECE0035A8E2 /* UICore.framework in Frameworks */,
			);
			runOnlyForDeploymentPostprocessing = 0;
		};
/* End PBXFrameworksBuildPhase section */

/* Begin PBXGroup section */
		1E7F75FC2837BEB20035A8E2 = {
			isa = PBXGroup;
			children = (
				1E7F76072837BEB20035A8E2 /* Sources */,
				1E7F76062837BEB20035A8E2 /* Products */,
				1E7F76152837BECE0035A8E2 /* Frameworks */,
			);
			sourceTree = "<group>";
		};
		1E7F76062837BEB20035A8E2 /* Products */ = {
			isa = PBXGroup;
			children = (
				1E7F76052837BEB20035A8E2 /* libAppMe.a */,
			);
			name = Products;
			sourceTree = "<group>";
		};
		1E7F76072837BEB20035A8E2 /* Sources */ = {
			isa = PBXGroup;
			children = (
				EB31AD193238325187935DA5 /* Exported.swift */,
				EB31A8337C7376F1B9B41855 /* MeModule.swift */,
				EB31A222A78F36DB3413F2C6 /* Me */,
				EB31AF8AB4667CDFCE1EBA96 /* APIKey */,
			);
			path = Sources;
			sourceTree = "<group>";
		};
		1E7F76152837BECE0035A8E2 /* Frameworks */ = {
			isa = PBXGroup;
			children = (
				1E7F76162837BECE0035A8E2 /* Center.framework */,
				1E7F76182837BECE0035A8E2 /* Service.framework */,
				1E7F761A2837BECE0035A8E2 /* UICore.framework */,
			);
			name = Frameworks;
			sourceTree = "<group>";
		};
		EB31A222A78F36DB3413F2C6 /* Me */ = {
			isa = PBXGroup;
			children = (
				EB31AD0F0E09124A7C8AC4DA /* MeNavigationViewController.swift */,
				EB31A3E844DF3A113F92E31F /* MeViewController.swift */,
				EB31AA62F3B365F7AD3881DF /* MeContentView.swift */,
				EB31AFDF60510C7AEA7A3C99 /* MeCollectionViewLayout.swift */,
				EB31A4A66F2BA37199B6F328 /* MeSection.swift */,
				EB31A00390B52D01A34A2B12 /* MeCollectionViewDataSource.swift */,
				EB31A84E7C514749477362C1 /* MeItemViewModel.swift */,
				EB31A0DC5408DD9E1637E7D9 /* MeCollectionViewCell.swift */,
				EB31A455EA0BCDBEB06D0B1B /* MeViewModel.swift */,
				EB31A7D98388A22BFC9BD079 /* MeCollectionHeaderView.swift */,
				EB31A3FF9F577F823035A9E9 /* MeCollectionFooterView.swift */,
			);
			path = Me;
			sourceTree = "<group>";
		};
		EB31AF8AB4667CDFCE1EBA96 /* APIKey */ = {
			isa = PBXGroup;
			children = (
				EB31A554E8D6011F374F35C4 /* APIKeyViewController.swift */,
				EB31A47E44AAE351D4D043C8 /* APIKeyContentView.swift */,
				EB31A1462A80359615B9DEFC /* APIKeyProvider.swift */,
				EB31A03FFC39BAD4F57F53A9 /* APIKeyViewModel.swift */,
				EB31A62CE15EAA20BFA00C01 /* APIKeySection.swift */,
				EB31A62487C960A6B8DD4669 /* APIKeyItem.swift */,
				EB31A14618766E631D241D22 /* APIKeyInputViewModel.swift */,
				EB31A0CD2084C80D8F566908 /* APIKeyAboutViewModel.swift */,
				EB31A13D9A1F91D26D9B65AC /* APIKeyItemViewModelable.swift */,
				EB31A96B589E334A670747CD /* APIKeyCollectionViewLayout.swift */,
				EB31A8806416FE9753365D5E /* APIKeyCollectionViewDataSource.swift */,
				EB31A058C9014B7741B39888 /* APIKeyInputCollectionViewCell.swift */,
				EB31AACB9241A1A3204C42CD /* APIAboutCollectionViewCell.swift */,
			);
			path = APIKey;
			sourceTree = "<group>";
		};
/* End PBXGroup section */

/* Begin PBXNativeTarget section */
		1E7F76042837BEB20035A8E2 /* AppMe */ = {
			isa = PBXNativeTarget;
			buildConfigurationList = 1E7F760C2837BEB20035A8E2 /* Build configuration list for PBXNativeTarget "AppMe" */;
			buildPhases = (
				1E7F76012837BEB20035A8E2 /* Sources */,
				1E7F76022837BEB20035A8E2 /* Frameworks */,
				1E7F76032837BEB20035A8E2 /* CopyFiles */,
			);
			buildRules = (
			);
			dependencies = (
			);
			name = AppMe;
			productName = AppMe;
			productReference = 1E7F76052837BEB20035A8E2 /* libAppMe.a */;
			productType = "com.apple.product-type.library.static";
		};
/* End PBXNativeTarget section */

/* Begin PBXProject section */
		1E7F75FD2837BEB20035A8E2 /* Project object */ = {
			isa = PBXProject;
			attributes = {
				BuildIndependentTargetsInParallel = 1;
				LastSwiftUpdateCheck = 1340;
				LastUpgradeCheck = 1340;
				TargetAttributes = {
					1E7F76042837BEB20035A8E2 = {
						CreatedOnToolsVersion = 13.4;
					};
				};
			};
			buildConfigurationList = 1E7F76002837BEB20035A8E2 /* Build configuration list for PBXProject "AppMe" */;
			compatibilityVersion = "Xcode 13.0";
			developmentRegion = en;
			hasScannedForEncodings = 0;
			knownRegions = (
				en,
				Base,
			);
			mainGroup = 1E7F75FC2837BEB20035A8E2;
			productRefGroup = 1E7F76062837BEB20035A8E2 /* Products */;
			projectDirPath = "";
			projectRoot = "";
			targets = (
				1E7F76042837BEB20035A8E2 /* AppMe */,
			);
		};
/* End PBXProject section */

/* Begin PBXSourcesBuildPhase section */
		1E7F76012837BEB20035A8E2 /* Sources */ = {
			isa = PBXSourcesBuildPhase;
			buildActionMask = 2147483647;
			files = (
				EB31AAF60FFCF5459880357C /* MeModule.swift in Sources */,
				EB31A0AECBF322D92FC1FDEE /* Exported.swift in Sources */,
				EB31AFAA8C37424027236137 /* MeNavigationViewController.swift in Sources */,
				EB31AE245AFA52A06E0F51B7 /* MeViewController.swift in Sources */,
				EB31AAD4299A296489459D8F /* MeContentView.swift in Sources */,
				EB31AF7DEF39DB3B91D68805 /* MeCollectionViewLayout.swift in Sources */,
				EB31AE634046D23FAC6E6F2B /* MeSection.swift in Sources */,
				EB31A3208927DD5BD042FF3A /* MeCollectionViewDataSource.swift in Sources */,
				EB31A1638D84AFC8A586A03B /* MeItemViewModel.swift in Sources */,
				EB31A00201E26D919F2F3349 /* MeCollectionViewCell.swift in Sources */,
				EB31A86DECF3F0CD8FB4C7CB /* MeViewModel.swift in Sources */,
				EB31A45A1ECDCC0269D2A8F3 /* MeCollectionHeaderView.swift in Sources */,
				EB31A7AECE2A5D2A75F33B80 /* MeCollectionFooterView.swift in Sources */,
				EB31AC5516D40B85850055FB /* APIKeyViewController.swift in Sources */,
				EB31A378B624F94E9493D68F /* APIKeyContentView.swift in Sources */,
				EB31A6682B38FDF41CEA4AF1 /* APIKeyProvider.swift in Sources */,
				EB31AE4F0D468B8E0145C6BF /* APIKeyViewModel.swift in Sources */,
				EB31A101F1F680C09E4FA587 /* APIKeySection.swift in Sources */,
				EB31A1CE2C03B3F66554FEE0 /* APIKeyItem.swift in Sources */,
				EB31AE8CFD0475307AABBDC4 /* APIKeyInputViewModel.swift in Sources */,
				EB31AFC31B11B5FD47780BAB /* APIKeyAboutViewModel.swift in Sources */,
				EB31AADBECE05D8F41A457E2 /* APIKeyItemViewModelable.swift in Sources */,
				EB31A1A30EC4AE49EA15F8EF /* APIKeyCollectionViewLayout.swift in Sources */,
				EB31AE86B14F4029A0C2E2CA /* APIKeyCollectionViewDataSource.swift in Sources */,
				EB31AF7A9390FF3B4C09C55A /* APIKeyInputCollectionViewCell.swift in Sources */,
				EB31A7BA2B43560A7E64FFF3 /* APIAboutCollectionViewCell.swift in Sources */,
			);
			runOnlyForDeploymentPostprocessing = 0;
		};
/* End PBXSourcesBuildPhase section */

/* Begin XCBuildConfiguration section */
		1E7F760A2837BEB20035A8E2 /* Debug */ = {
			isa = XCBuildConfiguration;
			buildSettings = {
				ALWAYS_SEARCH_USER_PATHS = NO;
				CLANG_ANALYZER_NONNULL = YES;
				CLANG_ANALYZER_NUMBER_OBJECT_CONVERSION = YES_AGGRESSIVE;
				CLANG_CXX_LANGUAGE_STANDARD = "gnu++17";
				CLANG_ENABLE_MODULES = YES;
				CLANG_ENABLE_OBJC_ARC = YES;
				CLANG_ENABLE_OBJC_WEAK = YES;
				CLANG_WARN_BLOCK_CAPTURE_AUTORELEASING = YES;
				CLANG_WARN_BOOL_CONVERSION = YES;
				CLANG_WARN_COMMA = YES;
				CLANG_WARN_CONSTANT_CONVERSION = YES;
				CLANG_WARN_DEPRECATED_OBJC_IMPLEMENTATIONS = YES;
				CLANG_WARN_DIRECT_OBJC_ISA_USAGE = YES_ERROR;
				CLANG_WARN_DOCUMENTATION_COMMENTS = YES;
				CLANG_WARN_EMPTY_BODY = YES;
				CLANG_WARN_ENUM_CONVERSION = YES;
				CLANG_WARN_INFINITE_RECURSION = YES;
				CLANG_WARN_INT_CONVERSION = YES;
				CLANG_WARN_NON_LITERAL_NULL_CONVERSION = YES;
				CLANG_WARN_OBJC_IMPLICIT_RETAIN_SELF = YES;
				CLANG_WARN_OBJC_LITERAL_CONVERSION = YES;
				CLANG_WARN_OBJC_ROOT_CLASS = YES_ERROR;
				CLANG_WARN_QUOTED_INCLUDE_IN_FRAMEWORK_HEADER = YES;
				CLANG_WARN_RANGE_LOOP_ANALYSIS = YES;
				CLANG_WARN_STRICT_PROTOTYPES = YES;
				CLANG_WARN_SUSPICIOUS_MOVE = YES;
				CLANG_WARN_UNGUARDED_AVAILABILITY = YES_AGGRESSIVE;
				CLANG_WARN_UNREACHABLE_CODE = YES;
				CLANG_WARN__DUPLICATE_METHOD_MATCH = YES;
				COPY_PHASE_STRIP = NO;
				DEBUG_INFORMATION_FORMAT = dwarf;
				ENABLE_STRICT_OBJC_MSGSEND = YES;
				ENABLE_TESTABILITY = YES;
				GCC_C_LANGUAGE_STANDARD = gnu11;
				GCC_DYNAMIC_NO_PIC = NO;
				GCC_NO_COMMON_BLOCKS = YES;
				GCC_OPTIMIZATION_LEVEL = 0;
				GCC_PREPROCESSOR_DEFINITIONS = (
					"DEBUG=1",
					"$(inherited)",
				);
				GCC_WARN_64_TO_32_BIT_CONVERSION = YES;
				GCC_WARN_ABOUT_RETURN_TYPE = YES_ERROR;
				GCC_WARN_UNDECLARED_SELECTOR = YES;
				GCC_WARN_UNINITIALIZED_AUTOS = YES_AGGRESSIVE;
				GCC_WARN_UNUSED_FUNCTION = YES;
				GCC_WARN_UNUSED_VARIABLE = YES;
				IPHONEOS_DEPLOYMENT_TARGET = 13.0;
				MTL_ENABLE_DEBUG_INFO = INCLUDE_SOURCE;
				MTL_FAST_MATH = YES;
				ONLY_ACTIVE_ARCH = YES;
				SDKROOT = iphoneos;
				SWIFT_ACTIVE_COMPILATION_CONDITIONS = DEBUG;
				SWIFT_OPTIMIZATION_LEVEL = "-Onone";
			};
			name = Debug;
		};
		1E7F760B2837BEB20035A8E2 /* Release */ = {
			isa = XCBuildConfiguration;
			buildSettings = {
				ALWAYS_SEARCH_USER_PATHS = NO;
				CLANG_ANALYZER_NONNULL = YES;
				CLANG_ANALYZER_NUMBER_OBJECT_CONVERSION = YES_AGGRESSIVE;
				CLANG_CXX_LANGUAGE_STANDARD = "gnu++17";
				CLANG_ENABLE_MODULES = YES;
				CLANG_ENABLE_OBJC_ARC = YES;
				CLANG_ENABLE_OBJC_WEAK = YES;
				CLANG_WARN_BLOCK_CAPTURE_AUTORELEASING = YES;
				CLANG_WARN_BOOL_CONVERSION = YES;
				CLANG_WARN_COMMA = YES;
				CLANG_WARN_CONSTANT_CONVERSION = YES;
				CLANG_WARN_DEPRECATED_OBJC_IMPLEMENTATIONS = YES;
				CLANG_WARN_DIRECT_OBJC_ISA_USAGE = YES_ERROR;
				CLANG_WARN_DOCUMENTATION_COMMENTS = YES;
				CLANG_WARN_EMPTY_BODY = YES;
				CLANG_WARN_ENUM_CONVERSION = YES;
				CLANG_WARN_INFINITE_RECURSION = YES;
				CLANG_WARN_INT_CONVERSION = YES;
				CLANG_WARN_NON_LITERAL_NULL_CONVERSION = YES;
				CLANG_WARN_OBJC_IMPLICIT_RETAIN_SELF = YES;
				CLANG_WARN_OBJC_LITERAL_CONVERSION = YES;
				CLANG_WARN_OBJC_ROOT_CLASS = YES_ERROR;
				CLANG_WARN_QUOTED_INCLUDE_IN_FRAMEWORK_HEADER = YES;
				CLANG_WARN_RANGE_LOOP_ANALYSIS = YES;
				CLANG_WARN_STRICT_PROTOTYPES = YES;
				CLANG_WARN_SUSPICIOUS_MOVE = YES;
				CLANG_WARN_UNGUARDED_AVAILABILITY = YES_AGGRESSIVE;
				CLANG_WARN_UNREACHABLE_CODE = YES;
				CLANG_WARN__DUPLICATE_METHOD_MATCH = YES;
				COPY_PHASE_STRIP = NO;
				DEBUG_INFORMATION_FORMAT = "dwarf-with-dsym";
				ENABLE_NS_ASSERTIONS = NO;
				ENABLE_STRICT_OBJC_MSGSEND = YES;
				GCC_C_LANGUAGE_STANDARD = gnu11;
				GCC_NO_COMMON_BLOCKS = YES;
				GCC_WARN_64_TO_32_BIT_CONVERSION = YES;
				GCC_WARN_ABOUT_RETURN_TYPE = YES_ERROR;
				GCC_WARN_UNDECLARED_SELECTOR = YES;
				GCC_WARN_UNINITIALIZED_AUTOS = YES_AGGRESSIVE;
				GCC_WARN_UNUSED_FUNCTION = YES;
				GCC_WARN_UNUSED_VARIABLE = YES;
				IPHONEOS_DEPLOYMENT_TARGET = 13.0;
				MTL_ENABLE_DEBUG_INFO = NO;
				MTL_FAST_MATH = YES;
				SDKROOT = iphoneos;
				SWIFT_COMPILATION_MODE = wholemodule;
				SWIFT_OPTIMIZATION_LEVEL = "-O";
				VALIDATE_PRODUCT = YES;
			};
			name = Release;
		};
		1E7F760D2837BEB20035A8E2 /* Debug */ = {
			isa = XCBuildConfiguration;
			buildSettings = {
				CODE_SIGN_STYLE = Automatic;
				DEVELOPMENT_TEAM = PTP77VVZ46;
				OTHER_LDFLAGS = "-ObjC";
				PRODUCT_NAME = "$(TARGET_NAME)";
				SKIP_INSTALL = YES;
				SWIFT_VERSION = 5.0;
				TARGETED_DEVICE_FAMILY = "1,2";
			};
			name = Debug;
		};
		1E7F760E2837BEB20035A8E2 /* Release */ = {
			isa = XCBuildConfiguration;
			buildSettings = {
				CODE_SIGN_STYLE = Automatic;
				DEVELOPMENT_TEAM = PTP77VVZ46;
				OTHER_LDFLAGS = "-ObjC";
				PRODUCT_NAME = "$(TARGET_NAME)";
				SKIP_INSTALL = YES;
				SWIFT_VERSION = 5.0;
				TARGETED_DEVICE_FAMILY = "1,2";
			};
			name = Release;
		};
/* End XCBuildConfiguration section */

/* Begin XCConfigurationList section */
		1E7F76002837BEB20035A8E2 /* Build configuration list for PBXProject "AppMe" */ = {
			isa = XCConfigurationList;
			buildConfigurations = (
				1E7F760A2837BEB20035A8E2 /* Debug */,
				1E7F760B2837BEB20035A8E2 /* Release */,
			);
			defaultConfigurationIsVisible = 0;
			defaultConfigurationName = Release;
		};
		1E7F760C2837BEB20035A8E2 /* Build configuration list for PBXNativeTarget "AppMe" */ = {
			isa = XCConfigurationList;
			buildConfigurations = (
				1E7F760D2837BEB20035A8E2 /* Debug */,
				1E7F760E2837BEB20035A8E2 /* Release */,
			);
			defaultConfigurationIsVisible = 0;
			defaultConfigurationName = Release;
		};
/* End XCConfigurationList section */
	};
	rootObject = 1E7F75FD2837BEB20035A8E2 /* Project object */;
}
