// !$*UTF8*$!
{
	archiveVersion = 1;
	classes = {
	};
	objectVersion = 55;
	objects = {

/* Begin PBXBuildFile section */
		1E7F74A9283620A60035A8E2 /* AppDelegate.swift in Sources */ = {isa = PBXBuildFile; fileRef = 1E7F74A8283620A60035A8E2 /* AppDelegate.swift */; };
		1E7F74AB283620A60035A8E2 /* SceneDelegate.swift in Sources */ = {isa = PBXBuildFile; fileRef = 1E7F74AA283620A60035A8E2 /* SceneDelegate.swift */; };
		1E7F74B2283620A70035A8E2 /* Assets.xcassets in Resources */ = {isa = PBXBuildFile; fileRef = 1E7F74B1283620A70035A8E2 /* Assets.xcassets */; };
		1E7F74B5283620A70035A8E2 /* LaunchScreen.storyboard in Resources */ = {isa = PBXBuildFile; fileRef = 1E7F74B3283620A70035A8E2 /* LaunchScreen.storyboard */; };
		1E7F74EC283625BF0035A8E2 /* App.framework in Frameworks */ = {isa = PBXBuildFile; fileRef = 1E7F74E82836256A0035A8E2 /* App.framework */; };
		1E7F74ED283625BF0035A8E2 /* App.framework in Embed Frameworks */ = {isa = PBXBuildFile; fileRef = 1E7F74E82836256A0035A8E2 /* App.framework */; settings = {ATTRIBUTES = (CodeSignOnCopy, RemoveHeadersOnCopy, ); }; };
		1E7F751E28362E9F0035A8E2 /* Service.framework in Frameworks */ = {isa = PBXBuildFile; fileRef = 1E7F751A283628D40035A8E2 /* Service.framework */; };
		1E7F751F28362E9F0035A8E2 /* Service.framework in Embed Frameworks */ = {isa = PBXBuildFile; fileRef = 1E7F751A283628D40035A8E2 /* Service.framework */; settings = {ATTRIBUTES = (CodeSignOnCopy, RemoveHeadersOnCopy, ); }; };
		1E7F7558283635F60035A8E2 /* Center.framework in Frameworks */ = {isa = PBXBuildFile; fileRef = 1E7F7557283635880035A8E2 /* Center.framework */; };
		1E7F7559283635F60035A8E2 /* Center.framework in Embed Frameworks */ = {isa = PBXBuildFile; fileRef = 1E7F7557283635880035A8E2 /* Center.framework */; settings = {ATTRIBUTES = (CodeSignOnCopy, RemoveHeadersOnCopy, ); }; };
		1E7F755A283635F60035A8E2 /* UICore.framework in Frameworks */ = {isa = PBXBuildFile; fileRef = 1E7F753B283633B30035A8E2 /* UICore.framework */; };
		1E7F755B283635F60035A8E2 /* UICore.framework in Embed Frameworks */ = {isa = PBXBuildFile; fileRef = 1E7F753B283633B30035A8E2 /* UICore.framework */; settings = {ATTRIBUTES = (CodeSignOnCopy, RemoveHeadersOnCopy, ); }; };
		1EE3641F2872BC9300141E21 /* InfoPlist.strings in Resources */ = {isa = PBXBuildFile; fileRef = 1EE364212872BC9300141E21 /* InfoPlist.strings */; };
/* End PBXBuildFile section */

/* Begin PBXContainerItemProxy section */
		1E7F74E72836256A0035A8E2 /* PBXContainerItemProxy */ = {
			isa = PBXContainerItemProxy;
			containerPortal = 1E7F74E2283625690035A8E2 /* App.xcodeproj */;
			proxyType = 2;
			remoteGlobalIDString = 1E7F74C8283625690035A8E2;
			remoteInfo = App;
		};
		1E7F7519283628D40035A8E2 /* PBXContainerItemProxy */ = {
			isa = PBXContainerItemProxy;
			containerPortal = 1E7F7514283628D30035A8E2 /* Service.xcodeproj */;
			proxyType = 2;
			remoteGlobalIDString = 1E7F74FA283628D30035A8E2;
			remoteInfo = Service;
		};
		1E7F753A283633B30035A8E2 /* PBXContainerItemProxy */ = {
			isa = PBXContainerItemProxy;
			containerPortal = 1E7F7536283633B20035A8E2 /* UICore.xcodeproj */;
			proxyType = 2;
			remoteGlobalIDString = 1E7F752A283633B20035A8E2;
			remoteInfo = UICore;
		};
		1E7F7556283635880035A8E2 /* PBXContainerItemProxy */ = {
			isa = PBXContainerItemProxy;
			containerPortal = 1E7F7552283635880035A8E2 /* Center.xcodeproj */;
			proxyType = 2;
			remoteGlobalIDString = 1E7F7546283635880035A8E2;
			remoteInfo = Center;
		};
/* End PBXContainerItemProxy section */

/* Begin PBXCopyFilesBuildPhase section */
		1E7F74EE283625C00035A8E2 /* Embed Frameworks */ = {
			isa = PBXCopyFilesBuildPhase;
			buildActionMask = 2147483647;
			dstPath = "";
			dstSubfolderSpec = 10;
			files = (
				1E7F751F28362E9F0035A8E2 /* Service.framework in Embed Frameworks */,
				1E7F74ED283625BF0035A8E2 /* App.framework in Embed Frameworks */,
				1E7F7559283635F60035A8E2 /* Center.framework in Embed Frameworks */,
				1E7F755B283635F60035A8E2 /* UICore.framework in Embed Frameworks */,
			);
			name = "Embed Frameworks";
			runOnlyForDeploymentPostprocessing = 0;
		};
/* End PBXCopyFilesBuildPhase section */

/* Begin PBXFileReference section */
		1E7F74A5283620A60035A8E2 /* Wallhaven.app */ = {isa = PBXFileReference; explicitFileType = wrapper.application; includeInIndex = 0; path = Wallhaven.app; sourceTree = BUILT_PRODUCTS_DIR; };
		1E7F74A8283620A60035A8E2 /* AppDelegate.swift */ = {isa = PBXFileReference; lastKnownFileType = sourcecode.swift; path = AppDelegate.swift; sourceTree = "<group>"; };
		1E7F74AA283620A60035A8E2 /* SceneDelegate.swift */ = {isa = PBXFileReference; lastKnownFileType = sourcecode.swift; path = SceneDelegate.swift; sourceTree = "<group>"; };
		1E7F74B1283620A70035A8E2 /* Assets.xcassets */ = {isa = PBXFileReference; lastKnownFileType = folder.assetcatalog; path = Assets.xcassets; sourceTree = "<group>"; };
		1E7F74B4283620A70035A8E2 /* Base */ = {isa = PBXFileReference; lastKnownFileType = file.storyboard; name = Base; path = Base.lproj/LaunchScreen.storyboard; sourceTree = "<group>"; };
		1E7F74E2283625690035A8E2 /* App.xcodeproj */ = {isa = PBXFileReference; lastKnownFileType = "wrapper.pb-project"; name = App.xcodeproj; path = App/App.xcodeproj; sourceTree = "<group>"; };
		1E7F7514283628D30035A8E2 /* Service.xcodeproj */ = {isa = PBXFileReference; lastKnownFileType = "wrapper.pb-project"; name = Service.xcodeproj; path = Service/Service.xcodeproj; sourceTree = "<group>"; };
		1E7F7536283633B20035A8E2 /* UICore.xcodeproj */ = {isa = PBXFileReference; lastKnownFileType = "wrapper.pb-project"; name = UICore.xcodeproj; path = UICore/UICore.xcodeproj; sourceTree = "<group>"; };
		1E7F7552283635880035A8E2 /* Center.xcodeproj */ = {isa = PBXFileReference; lastKnownFileType = "wrapper.pb-project"; name = Center.xcodeproj; path = Center/Center.xcodeproj; sourceTree = "<group>"; };
		1E7F75F62837BB8E0035A8E2 /* zh-Hans */ = {isa = PBXFileReference; lastKnownFileType = text.plist.strings; name = "zh-Hans"; path = "zh-Hans.lproj/LaunchScreen.strings"; sourceTree = "<group>"; };
		1EBAFEF2285AFFED00CFF89B /* Wallhaven.xcconfig */ = {isa = PBXFileReference; lastKnownFileType = text.xcconfig; path = Wallhaven.xcconfig; sourceTree = "<group>"; };
		1EBAFEF3285B0C3200CFF89B /* Wallhaven.override.xcconfig */ = {isa = PBXFileReference; lastKnownFileType = text.xcconfig; path = Wallhaven.override.xcconfig; sourceTree = "<group>"; };
		1EE364202872BC9300141E21 /* en */ = {isa = PBXFileReference; lastKnownFileType = text.plist.strings; name = en; path = en.lproj/InfoPlist.strings; sourceTree = "<group>"; };
		1EE364222872BC9400141E21 /* zh-Hans */ = {isa = PBXFileReference; lastKnownFileType = text.plist.strings; name = "zh-Hans"; path = "zh-Hans.lproj/InfoPlist.strings"; sourceTree = "<group>"; };
		1EE364232872BE4900141E21 /* Info.plist */ = {isa = PBXFileReference; lastKnownFileType = text.plist.xml; path = Info.plist; sourceTree = "<group>"; };
/* End PBXFileReference section */

/* Begin PBXFrameworksBuildPhase section */
		1E7F74A2283620A60035A8E2 /* Frameworks */ = {
			isa = PBXFrameworksBuildPhase;
			buildActionMask = 2147483647;
			files = (
				1E7F751E28362E9F0035A8E2 /* Service.framework in Frameworks */,
				1E7F74EC283625BF0035A8E2 /* App.framework in Frameworks */,
				1E7F7558283635F60035A8E2 /* Center.framework in Frameworks */,
				1E7F755A283635F60035A8E2 /* UICore.framework in Frameworks */,
			);
			runOnlyForDeploymentPostprocessing = 0;
		};
/* End PBXFrameworksBuildPhase section */

/* Begin PBXGroup section */
		1E7F749C283620A60035A8E2 = {
			isa = PBXGroup;
			children = (
				1E7F74A7283620A60035A8E2 /* Sources */,
				1E7F74BD283624EC0035A8E2 /* Modules */,
				1E7F74BC2836212B0035A8E2 /* Resources */,
				1EBAFEF1285AFFCA00CFF89B /* XCConfig */,
				1E7F74EB283625BF0035A8E2 /* Frameworks */,
				1E7F74A6283620A60035A8E2 /* Products */,
			);
			sourceTree = "<group>";
		};
		1E7F74A6283620A60035A8E2 /* Products */ = {
			isa = PBXGroup;
			children = (
				1E7F74A5283620A60035A8E2 /* Wallhaven.app */,
			);
			name = Products;
			sourceTree = "<group>";
		};
		1E7F74A7283620A60035A8E2 /* Sources */ = {
			isa = PBXGroup;
			children = (
				1E7F74A8283620A60035A8E2 /* AppDelegate.swift */,
				1E7F74AA283620A60035A8E2 /* SceneDelegate.swift */,
			);
			path = Sources;
			sourceTree = "<group>";
		};
		1E7F74BC2836212B0035A8E2 /* Resources */ = {
			isa = PBXGroup;
			children = (
				1E7F74B3283620A70035A8E2 /* LaunchScreen.storyboard */,
				1E7F74B1283620A70035A8E2 /* Assets.xcassets */,
				1EE364232872BE4900141E21 /* Info.plist */,
				1EE364212872BC9300141E21 /* InfoPlist.strings */,
			);
			path = Resources;
			sourceTree = "<group>";
		};
		1E7F74BD283624EC0035A8E2 /* Modules */ = {
			isa = PBXGroup;
			children = (
				1E7F74E2283625690035A8E2 /* App.xcodeproj */,
				1E7F7536283633B20035A8E2 /* UICore.xcodeproj */,
				1E7F7552283635880035A8E2 /* Center.xcodeproj */,
				1E7F7514283628D30035A8E2 /* Service.xcodeproj */,
			);
			path = Modules;
			sourceTree = "<group>";
		};
		1E7F74E3283625690035A8E2 /* Products */ = {
			isa = PBXGroup;
			children = (
				1E7F74E82836256A0035A8E2 /* App.framework */,
			);
			name = Products;
			sourceTree = "<group>";
		};
		1E7F74EB283625BF0035A8E2 /* Frameworks */ = {
			isa = PBXGroup;
			children = (
			);
			name = Frameworks;
			sourceTree = "<group>";
		};
		1E7F7515283628D30035A8E2 /* Products */ = {
			isa = PBXGroup;
			children = (
				1E7F751A283628D40035A8E2 /* Service.framework */,
			);
			name = Products;
			sourceTree = "<group>";
		};
		1E7F7537283633B20035A8E2 /* Products */ = {
			isa = PBXGroup;
			children = (
				1E7F753B283633B30035A8E2 /* UICore.framework */,
			);
			name = Products;
			sourceTree = "<group>";
		};
		1E7F7553283635880035A8E2 /* Products */ = {
			isa = PBXGroup;
			children = (
				1E7F7557283635880035A8E2 /* Center.framework */,
			);
			name = Products;
			sourceTree = "<group>";
		};
		1EBAFEF1285AFFCA00CFF89B /* XCConfig */ = {
			isa = PBXGroup;
			children = (
				1EBAFEF2285AFFED00CFF89B /* Wallhaven.xcconfig */,
				1EBAFEF3285B0C3200CFF89B /* Wallhaven.override.xcconfig */,
			);
			path = XCConfig;
			sourceTree = "<group>";
		};
/* End PBXGroup section */

/* Begin PBXNativeTarget section */
		1E7F74A4283620A60035A8E2 /* Wallhaven */ = {
			isa = PBXNativeTarget;
			buildConfigurationList = 1E7F74B9283620A70035A8E2 /* Build configuration list for PBXNativeTarget "Wallhaven" */;
			buildPhases = (
				1E7F74A1283620A60035A8E2 /* Sources */,
				1E7F74A2283620A60035A8E2 /* Frameworks */,
				1E7F74A3283620A60035A8E2 /* Resources */,
				1E7F74EE283625C00035A8E2 /* Embed Frameworks */,
			);
			buildRules = (
			);
			dependencies = (
			);
			name = Wallhaven;
			productName = Wallhaven;
			productReference = 1E7F74A5283620A60035A8E2 /* Wallhaven.app */;
			productType = "com.apple.product-type.application";
		};
/* End PBXNativeTarget section */

/* Begin PBXProject section */
		1E7F749D283620A60035A8E2 /* Project object */ = {
			isa = PBXProject;
			attributes = {
				BuildIndependentTargetsInParallel = 1;
				LastSwiftUpdateCheck = 1340;
				LastUpgradeCheck = 1340;
				TargetAttributes = {
					1E7F74A4283620A60035A8E2 = {
						CreatedOnToolsVersion = 13.4;
					};
				};
			};
			buildConfigurationList = 1E7F74A0283620A60035A8E2 /* Build configuration list for PBXProject "Wallhaven" */;
			compatibilityVersion = "Xcode 13.0";
			developmentRegion = en;
			hasScannedForEncodings = 0;
			knownRegions = (
				en,
				Base,
				"zh-Hans",
			);
			mainGroup = 1E7F749C283620A60035A8E2;
			productRefGroup = 1E7F74A6283620A60035A8E2 /* Products */;
			projectDirPath = "";
			projectReferences = (
				{
					ProductGroup = 1E7F74E3283625690035A8E2 /* Products */;
					ProjectRef = 1E7F74E2283625690035A8E2 /* App.xcodeproj */;
				},
				{
					ProductGroup = 1E7F7553283635880035A8E2 /* Products */;
					ProjectRef = 1E7F7552283635880035A8E2 /* Center.xcodeproj */;
				},
				{
					ProductGroup = 1E7F7515283628D30035A8E2 /* Products */;
					ProjectRef = 1E7F7514283628D30035A8E2 /* Service.xcodeproj */;
				},
				{
					ProductGroup = 1E7F7537283633B20035A8E2 /* Products */;
					ProjectRef = 1E7F7536283633B20035A8E2 /* UICore.xcodeproj */;
				},
			);
			projectRoot = "";
			targets = (
				1E7F74A4283620A60035A8E2 /* Wallhaven */,
			);
		};
/* End PBXProject section */

/* Begin PBXReferenceProxy section */
		1E7F74E82836256A0035A8E2 /* App.framework */ = {
			isa = PBXReferenceProxy;
			fileType = wrapper.framework;
			path = App.framework;
			remoteRef = 1E7F74E72836256A0035A8E2 /* PBXContainerItemProxy */;
			sourceTree = BUILT_PRODUCTS_DIR;
		};
		1E7F751A283628D40035A8E2 /* Service.framework */ = {
			isa = PBXReferenceProxy;
			fileType = wrapper.framework;
			path = Service.framework;
			remoteRef = 1E7F7519283628D40035A8E2 /* PBXContainerItemProxy */;
			sourceTree = BUILT_PRODUCTS_DIR;
		};
		1E7F753B283633B30035A8E2 /* UICore.framework */ = {
			isa = PBXReferenceProxy;
			fileType = wrapper.framework;
			path = UICore.framework;
			remoteRef = 1E7F753A283633B30035A8E2 /* PBXContainerItemProxy */;
			sourceTree = BUILT_PRODUCTS_DIR;
		};
		1E7F7557283635880035A8E2 /* Center.framework */ = {
			isa = PBXReferenceProxy;
			fileType = wrapper.framework;
			path = Center.framework;
			remoteRef = 1E7F7556283635880035A8E2 /* PBXContainerItemProxy */;
			sourceTree = BUILT_PRODUCTS_DIR;
		};
/* End PBXReferenceProxy section */

/* Begin PBXResourcesBuildPhase section */
		1E7F74A3283620A60035A8E2 /* Resources */ = {
			isa = PBXResourcesBuildPhase;
			buildActionMask = 2147483647;
			files = (
				1E7F74B5283620A70035A8E2 /* LaunchScreen.storyboard in Resources */,
				1EE3641F2872BC9300141E21 /* InfoPlist.strings in Resources */,
				1E7F74B2283620A70035A8E2 /* Assets.xcassets in Resources */,
			);
			runOnlyForDeploymentPostprocessing = 0;
		};
/* End PBXResourcesBuildPhase section */

/* Begin PBXSourcesBuildPhase section */
		1E7F74A1283620A60035A8E2 /* Sources */ = {
			isa = PBXSourcesBuildPhase;
			buildActionMask = 2147483647;
			files = (
				1E7F74A9283620A60035A8E2 /* AppDelegate.swift in Sources */,
				1E7F74AB283620A60035A8E2 /* SceneDelegate.swift in Sources */,
			);
			runOnlyForDeploymentPostprocessing = 0;
		};
/* End PBXSourcesBuildPhase section */

/* Begin PBXVariantGroup section */
		1E7F74B3283620A70035A8E2 /* LaunchScreen.storyboard */ = {
			isa = PBXVariantGroup;
			children = (
				1E7F74B4283620A70035A8E2 /* Base */,
				1E7F75F62837BB8E0035A8E2 /* zh-Hans */,
			);
			name = LaunchScreen.storyboard;
			sourceTree = "<group>";
		};
		1EE364212872BC9300141E21 /* InfoPlist.strings */ = {
			isa = PBXVariantGroup;
			children = (
				1EE364202872BC9300141E21 /* en */,
				1EE364222872BC9400141E21 /* zh-Hans */,
			);
			name = InfoPlist.strings;
			sourceTree = "<group>";
		};
/* End PBXVariantGroup section */

/* Begin XCBuildConfiguration section */
		1E7F74B7283620A70035A8E2 /* Debug */ = {
			isa = XCBuildConfiguration;
			buildSettings = {
				ALWAYS_SEARCH_USER_PATHS = NO;
				CLANG_ANALYZER_LOCALIZABILITY_NONLOCALIZED = YES;
				CLANG_ANALYZER_NONNULL = YES;
				CLANG_ANALYZER_NUMBER_OBJECT_CONVERSION = YES_AGGRESSIVE;
				CLANG_CXX_LANGUAGE_STANDARD = "gnu++17";
				CLANG_ENABLE_MODULES = YES;
				CLANG_ENABLE_OBJC_ARC = YES;
				CLANG_ENABLE_OBJC_WEAK = YES;
				CLANG_WARN_BLOCK_CAPTURE_AUTORELEASING = YES;
				CLANG_WARN_BOOL_CONVERSION = YES;
				CLANG_WARN_COMMA = YES;
				CLANG_WARN_CONSTANT_CONVERSION = YES;
				CLANG_WARN_DEPRECATED_OBJC_IMPLEMENTATIONS = YES;
				CLANG_WARN_DIRECT_OBJC_ISA_USAGE = YES_ERROR;
				CLANG_WARN_DOCUMENTATION_COMMENTS = YES;
				CLANG_WARN_EMPTY_BODY = YES;
				CLANG_WARN_ENUM_CONVERSION = YES;
				CLANG_WARN_INFINITE_RECURSION = YES;
				CLANG_WARN_INT_CONVERSION = YES;
				CLANG_WARN_NON_LITERAL_NULL_CONVERSION = YES;
				CLANG_WARN_OBJC_IMPLICIT_RETAIN_SELF = YES;
				CLANG_WARN_OBJC_LITERAL_CONVERSION = YES;
				CLANG_WARN_OBJC_ROOT_CLASS = YES_ERROR;
				CLANG_WARN_QUOTED_INCLUDE_IN_FRAMEWORK_HEADER = YES;
				CLANG_WARN_RANGE_LOOP_ANALYSIS = YES;
				CLANG_WARN_STRICT_PROTOTYPES = YES;
				CLANG_WARN_SUSPICIOUS_MOVE = YES;
				CLANG_WARN_UNGUARDED_AVAILABILITY = YES_AGGRESSIVE;
				CLANG_WARN_UNREACHABLE_CODE = YES;
				CLANG_WARN__DUPLICATE_METHOD_MATCH = YES;
				COPY_PHASE_STRIP = NO;
				DEBUG_INFORMATION_FORMAT = dwarf;
				ENABLE_STRICT_OBJC_MSGSEND = YES;
				ENABLE_TESTABILITY = YES;
				GCC_C_LANGUAGE_STANDARD = gnu11;
				GCC_DYNAMIC_NO_PIC = NO;
				GCC_NO_COMMON_BLOCKS = YES;
				GCC_OPTIMIZATION_LEVEL = 0;
				GCC_PREPROCESSOR_DEFINITIONS = (
					"DEBUG=1",
					"$(inherited)",
				);
				GCC_WARN_64_TO_32_BIT_CONVERSION = YES;
				GCC_WARN_ABOUT_RETURN_TYPE = YES_ERROR;
				GCC_WARN_UNDECLARED_SELECTOR = YES;
				GCC_WARN_UNINITIALIZED_AUTOS = YES_AGGRESSIVE;
				GCC_WARN_UNUSED_FUNCTION = YES;
				GCC_WARN_UNUSED_VARIABLE = YES;
				IPHONEOS_DEPLOYMENT_TARGET = 15.5;
				MTL_ENABLE_DEBUG_INFO = INCLUDE_SOURCE;
				MTL_FAST_MATH = YES;
				ONLY_ACTIVE_ARCH = YES;
				SDKROOT = iphoneos;
				SWIFT_ACTIVE_COMPILATION_CONDITIONS = DEBUG;
				SWIFT_OPTIMIZATION_LEVEL = "-Onone";
			};
			name = Debug;
		};
		1E7F74B8283620A70035A8E2 /* Release */ = {
			isa = XCBuildConfiguration;
			buildSettings = {
				ALWAYS_SEARCH_USER_PATHS = NO;
				CLANG_ANALYZER_LOCALIZABILITY_NONLOCALIZED = YES;
				CLANG_ANALYZER_NONNULL = YES;
				CLANG_ANALYZER_NUMBER_OBJECT_CONVERSION = YES_AGGRESSIVE;
				CLANG_CXX_LANGUAGE_STANDARD = "gnu++17";
				CLANG_ENABLE_MODULES = YES;
				CLANG_ENABLE_OBJC_ARC = YES;
				CLANG_ENABLE_OBJC_WEAK = YES;
				CLANG_WARN_BLOCK_CAPTURE_AUTORELEASING = YES;
				CLANG_WARN_BOOL_CONVERSION = YES;
				CLANG_WARN_COMMA = YES;
				CLANG_WARN_CONSTANT_CONVERSION = YES;
				CLANG_WARN_DEPRECATED_OBJC_IMPLEMENTATIONS = YES;
				CLANG_WARN_DIRECT_OBJC_ISA_USAGE = YES_ERROR;
				CLANG_WARN_DOCUMENTATION_COMMENTS = YES;
				CLANG_WARN_EMPTY_BODY = YES;
				CLANG_WARN_ENUM_CONVERSION = YES;
				CLANG_WARN_INFINITE_RECURSION = YES;
				CLANG_WARN_INT_CONVERSION = YES;
				CLANG_WARN_NON_LITERAL_NULL_CONVERSION = YES;
				CLANG_WARN_OBJC_IMPLICIT_RETAIN_SELF = YES;
				CLANG_WARN_OBJC_LITERAL_CONVERSION = YES;
				CLANG_WARN_OBJC_ROOT_CLASS = YES_ERROR;
				CLANG_WARN_QUOTED_INCLUDE_IN_FRAMEWORK_HEADER = YES;
				CLANG_WARN_RANGE_LOOP_ANALYSIS = YES;
				CLANG_WARN_STRICT_PROTOTYPES = YES;
				CLANG_WARN_SUSPICIOUS_MOVE = YES;
				CLANG_WARN_UNGUARDED_AVAILABILITY = YES_AGGRESSIVE;
				CLANG_WARN_UNREACHABLE_CODE = YES;
				CLANG_WARN__DUPLICATE_METHOD_MATCH = YES;
				COPY_PHASE_STRIP = NO;
				DEBUG_INFORMATION_FORMAT = "dwarf-with-dsym";
				ENABLE_NS_ASSERTIONS = NO;
				ENABLE_STRICT_OBJC_MSGSEND = YES;
				GCC_C_LANGUAGE_STANDARD = gnu11;
				GCC_NO_COMMON_BLOCKS = YES;
				GCC_WARN_64_TO_32_BIT_CONVERSION = YES;
				GCC_WARN_ABOUT_RETURN_TYPE = YES_ERROR;
				GCC_WARN_UNDECLARED_SELECTOR = YES;
				GCC_WARN_UNINITIALIZED_AUTOS = YES_AGGRESSIVE;
				GCC_WARN_UNUSED_FUNCTION = YES;
				GCC_WARN_UNUSED_VARIABLE = YES;
				IPHONEOS_DEPLOYMENT_TARGET = 15.5;
				MTL_ENABLE_DEBUG_INFO = NO;
				MTL_FAST_MATH = YES;
				SDKROOT = iphoneos;
				SWIFT_COMPILATION_MODE = wholemodule;
				SWIFT_OPTIMIZATION_LEVEL = "-O";
				VALIDATE_PRODUCT = YES;
			};
			name = Release;
		};
		1E7F74BA283620A70035A8E2 /* Debug */ = {
			isa = XCBuildConfiguration;
			baseConfigurationReference = 1EBAFEF2285AFFED00CFF89B /* Wallhaven.xcconfig */;
			buildSettings = {
				INFOPLIST_KEY_CFBundleDisplayName = "$(CFBundleDisplayName)";
				INFOPLIST_KEY_LSApplicationCategoryType = "public.app-category.entertainment";
				INFOPLIST_KEY_UIApplicationSupportsIndirectInputEvents = YES;
				INFOPLIST_KEY_UILaunchStoryboardName = LaunchScreen;
				INFOPLIST_KEY_UISupportedInterfaceOrientations_iPad = "UIInterfaceOrientationPortrait UIInterfaceOrientationPortraitUpsideDown UIInterfaceOrientationLandscapeLeft UIInterfaceOrientationLandscapeRight";
				INFOPLIST_KEY_UISupportedInterfaceOrientations_iPhone = "UIInterfaceOrientationPortrait UIInterfaceOrientationLandscapeLeft UIInterfaceOrientationLandscapeRight";
			};
			name = Debug;
		};
		1E7F74BB283620A70035A8E2 /* Release */ = {
			isa = XCBuildConfiguration;
			baseConfigurationReference = 1EBAFEF2285AFFED00CFF89B /* Wallhaven.xcconfig */;
			buildSettings = {
				INFOPLIST_KEY_CFBundleDisplayName = "$(CFBundleDisplayName)";
				INFOPLIST_KEY_LSApplicationCategoryType = "public.app-category.entertainment";
				INFOPLIST_KEY_UIApplicationSupportsIndirectInputEvents = YES;
				INFOPLIST_KEY_UILaunchStoryboardName = LaunchScreen;
				INFOPLIST_KEY_UISupportedInterfaceOrientations_iPad = "UIInterfaceOrientationPortrait UIInterfaceOrientationPortraitUpsideDown UIInterfaceOrientationLandscapeLeft UIInterfaceOrientationLandscapeRight";
				INFOPLIST_KEY_UISupportedInterfaceOrientations_iPhone = "UIInterfaceOrientationPortrait UIInterfaceOrientationLandscapeLeft UIInterfaceOrientationLandscapeRight";
			};
			name = Release;
		};
/* End XCBuildConfiguration section */

/* Begin XCConfigurationList section */
		1E7F74A0283620A60035A8E2 /* Build configuration list for PBXProject "Wallhaven" */ = {
			isa = XCConfigurationList;
			buildConfigurations = (
				1E7F74B7283620A70035A8E2 /* Debug */,
				1E7F74B8283620A70035A8E2 /* Release */,
			);
			defaultConfigurationIsVisible = 0;
			defaultConfigurationName = Release;
		};
		1E7F74B9283620A70035A8E2 /* Build configuration list for PBXNativeTarget "Wallhaven" */ = {
			isa = XCConfigurationList;
			buildConfigurations = (
				1E7F74BA283620A70035A8E2 /* Debug */,
				1E7F74BB283620A70035A8E2 /* Release */,
			);
			defaultConfigurationIsVisible = 0;
			defaultConfigurationName = Release;
		};
/* End XCConfigurationList section */
	};
	rootObject = 1E7F749D283620A60035A8E2 /* Project object */;
}
