// !$*UTF8*$!
{
	archiveVersion = 1;
	classes = {
	};
	objectVersion = 55;
	objects = {

/* Begin PBXBuildFile section */
		1E7F76532838D04C0035A8E2 /* Service.framework in Frameworks */ = {isa = PBXBuildFile; fileRef = 1E7F76522838D04C0035A8E2 /* Service.framework */; };
		EB31A0744AB91852FA73B15B /* WallpaperDetail.swift in Sources */ = {isa = PBXBuildFile; fileRef = EB31A1AC0809D2A983D41A6B /* WallpaperDetail.swift */; };
		EB31A1F647AE9A642353C416 /* Meta.swift in Sources */ = {isa = PBXBuildFile; fileRef = EB31AA517367479CDF792CA9 /* Meta.swift */; };
		EB31A2001911132D264EEEBA /* Thumbnail.swift in Sources */ = {isa = PBXBuildFile; fileRef = EB31A9A20F8F0E7D0424A636 /* Thumbnail.swift */; };
		EB31A2602E3215F10C638DFB /* APICenter.swift in Sources */ = {isa = PBXBuildFile; fileRef = EB31A82AA4508911EAE23FFB /* APICenter.swift */; };
		EB31A264165DD94FFBD8E837 /* Wallpaper.swift in Sources */ = {isa = PBXBuildFile; fileRef = EB31A888DD1F249CF8F7DC3C /* Wallpaper.swift */; };
		EB31A2C66D5EA67FA1863804 /* SettingsResponse.swift in Sources */ = {isa = PBXBuildFile; fileRef = EB31AAF2AE8BFCEBA5CA8FAA /* SettingsResponse.swift */; };
		EB31A2DEA0A1DA5946D30CF3 /* Uploader.swift in Sources */ = {isa = PBXBuildFile; fileRef = EB31AB29CDE66FB82C8AD8F4 /* Uploader.swift */; };
		EB31A35D1BFAE516044ED643 /* ListRequest.swift in Sources */ = {isa = PBXBuildFile; fileRef = EB31AF579CA69FC8E43A68D0 /* ListRequest.swift */; };
		EB31A3CACF3E85E02B684A4A /* Settings.swift in Sources */ = {isa = PBXBuildFile; fileRef = EB31A46666701A71FE600C48 /* Settings.swift */; };
		EB31A46CD25E3448C219CFF9 /* BaseRequestable.swift in Sources */ = {isa = PBXBuildFile; fileRef = EB31AC19DA9BE6F2F05C4560 /* BaseRequestable.swift */; };
		EB31A4AC042A521C2332A6F9 /* ListResponse.swift in Sources */ = {isa = PBXBuildFile; fileRef = EB31A308F97D4AFED2BF6BAE /* ListResponse.swift */; };
		EB31A75AB3960C16EEADDFF6 /* DetailRequest.swift in Sources */ = {isa = PBXBuildFile; fileRef = EB31A36A0CE94B0ECEE6C3D1 /* DetailRequest.swift */; };
		EB31A9DA825316712FADB024 /* APICenter.APIKey.swift in Sources */ = {isa = PBXBuildFile; fileRef = EB31A3D70C70EFA2D2AA819C /* APICenter.APIKey.swift */; };
		EB31AA45DFD56841BCE87BA9 /* HTTPError.swift in Sources */ = {isa = PBXBuildFile; fileRef = EB31ADFCBDB29B187AE0ABC4 /* HTTPError.swift */; };
		EB31AA6EBA53FFEFEAF31AAB /* APICenter.API.swift in Sources */ = {isa = PBXBuildFile; fileRef = EB31A0D60AE4827247A3D0C9 /* APICenter.API.swift */; };
		EB31AB15CFA081A49F55D8E5 /* Tag.swift in Sources */ = {isa = PBXBuildFile; fileRef = EB31A4D759933DA74F82ED39 /* Tag.swift */; };
		EB31ADD0062CE6703862FACF /* DetailResponse.swift in Sources */ = {isa = PBXBuildFile; fileRef = EB31A3ED3F251737EA984B54 /* DetailResponse.swift */; };
		EB31AEB80027FF39B8E2D6C6 /* SettingsRequest.swift in Sources */ = {isa = PBXBuildFile; fileRef = EB31A3FE69CAB52276053978 /* SettingsRequest.swift */; };
/* End PBXBuildFile section */

/* Begin PBXCopyFilesBuildPhase section */
		1E7F763F2838D0340035A8E2 /* CopyFiles */ = {
			isa = PBXCopyFilesBuildPhase;
			buildActionMask = 2147483647;
			dstPath = "include/$(PRODUCT_NAME)";
			dstSubfolderSpec = 16;
			files = (
			);
			runOnlyForDeploymentPostprocessing = 0;
		};
/* End PBXCopyFilesBuildPhase section */

/* Begin PBXFileReference section */
		1E7F76412838D0340035A8E2 /* libCenterAPI.a */ = {isa = PBXFileReference; explicitFileType = archive.ar; includeInIndex = 0; path = libCenterAPI.a; sourceTree = BUILT_PRODUCTS_DIR; };
		1E7F76522838D04C0035A8E2 /* Service.framework */ = {isa = PBXFileReference; explicitFileType = wrapper.framework; path = Service.framework; sourceTree = BUILT_PRODUCTS_DIR; };
		EB31A0D60AE4827247A3D0C9 /* APICenter.API.swift */ = {isa = PBXFileReference; fileEncoding = 4; lastKnownFileType = sourcecode.swift; path = APICenter.API.swift; sourceTree = "<group>"; };
		EB31A1AC0809D2A983D41A6B /* WallpaperDetail.swift */ = {isa = PBXFileReference; fileEncoding = 4; lastKnownFileType = sourcecode.swift; path = WallpaperDetail.swift; sourceTree = "<group>"; };
		EB31A308F97D4AFED2BF6BAE /* ListResponse.swift */ = {isa = PBXFileReference; fileEncoding = 4; lastKnownFileType = sourcecode.swift; path = ListResponse.swift; sourceTree = "<group>"; };
		EB31A36A0CE94B0ECEE6C3D1 /* DetailRequest.swift */ = {isa = PBXFileReference; fileEncoding = 4; lastKnownFileType = sourcecode.swift; path = DetailRequest.swift; sourceTree = "<group>"; };
		EB31A3D70C70EFA2D2AA819C /* APICenter.APIKey.swift */ = {isa = PBXFileReference; fileEncoding = 4; lastKnownFileType = sourcecode.swift; path = APICenter.APIKey.swift; sourceTree = "<group>"; };
		EB31A3ED3F251737EA984B54 /* DetailResponse.swift */ = {isa = PBXFileReference; fileEncoding = 4; lastKnownFileType = sourcecode.swift; path = DetailResponse.swift; sourceTree = "<group>"; };
		EB31A3FE69CAB52276053978 /* SettingsRequest.swift */ = {isa = PBXFileReference; fileEncoding = 4; lastKnownFileType = sourcecode.swift; path = SettingsRequest.swift; sourceTree = "<group>"; };
		EB31A46666701A71FE600C48 /* Settings.swift */ = {isa = PBXFileReference; fileEncoding = 4; lastKnownFileType = sourcecode.swift; path = Settings.swift; sourceTree = "<group>"; };
		EB31A4D759933DA74F82ED39 /* Tag.swift */ = {isa = PBXFileReference; fileEncoding = 4; lastKnownFileType = sourcecode.swift; path = Tag.swift; sourceTree = "<group>"; };
		EB31A82AA4508911EAE23FFB /* APICenter.swift */ = {isa = PBXFileReference; fileEncoding = 4; lastKnownFileType = sourcecode.swift; path = APICenter.swift; sourceTree = "<group>"; };
		EB31A888DD1F249CF8F7DC3C /* Wallpaper.swift */ = {isa = PBXFileReference; fileEncoding = 4; lastKnownFileType = sourcecode.swift; path = Wallpaper.swift; sourceTree = "<group>"; };
		EB31A9A20F8F0E7D0424A636 /* Thumbnail.swift */ = {isa = PBXFileReference; fileEncoding = 4; lastKnownFileType = sourcecode.swift; path = Thumbnail.swift; sourceTree = "<group>"; };
		EB31AA517367479CDF792CA9 /* Meta.swift */ = {isa = PBXFileReference; fileEncoding = 4; lastKnownFileType = sourcecode.swift; path = Meta.swift; sourceTree = "<group>"; };
		EB31AAF2AE8BFCEBA5CA8FAA /* SettingsResponse.swift */ = {isa = PBXFileReference; fileEncoding = 4; lastKnownFileType = sourcecode.swift; path = SettingsResponse.swift; sourceTree = "<group>"; };
		EB31AB29CDE66FB82C8AD8F4 /* Uploader.swift */ = {isa = PBXFileReference; fileEncoding = 4; lastKnownFileType = sourcecode.swift; path = Uploader.swift; sourceTree = "<group>"; };
		EB31AC19DA9BE6F2F05C4560 /* BaseRequestable.swift */ = {isa = PBXFileReference; fileEncoding = 4; lastKnownFileType = sourcecode.swift; path = BaseRequestable.swift; sourceTree = "<group>"; };
		EB31ADFCBDB29B187AE0ABC4 /* HTTPError.swift */ = {isa = PBXFileReference; fileEncoding = 4; lastKnownFileType = sourcecode.swift; path = HTTPError.swift; sourceTree = "<group>"; };
		EB31AF579CA69FC8E43A68D0 /* ListRequest.swift */ = {isa = PBXFileReference; fileEncoding = 4; lastKnownFileType = sourcecode.swift; path = ListRequest.swift; sourceTree = "<group>"; };
/* End PBXFileReference section */

/* Begin PBXFrameworksBuildPhase section */
		1E7F763E2838D0340035A8E2 /* Frameworks */ = {
			isa = PBXFrameworksBuildPhase;
			buildActionMask = 2147483647;
			files = (
				1E7F76532838D04C0035A8E2 /* Service.framework in Frameworks */,
			);
			runOnlyForDeploymentPostprocessing = 0;
		};
/* End PBXFrameworksBuildPhase section */

/* Begin PBXGroup section */
		1E7F76382838D0340035A8E2 = {
			isa = PBXGroup;
			children = (
				1E7F76432838D0340035A8E2 /* Sources */,
				1E7F76422838D0340035A8E2 /* Products */,
				1E7F76512838D04C0035A8E2 /* Frameworks */,
			);
			sourceTree = "<group>";
		};
		1E7F76422838D0340035A8E2 /* Products */ = {
			isa = PBXGroup;
			children = (
				1E7F76412838D0340035A8E2 /* libCenterAPI.a */,
			);
			name = Products;
			sourceTree = "<group>";
		};
		1E7F76432838D0340035A8E2 /* Sources */ = {
			isa = PBXGroup;
			children = (
				1EDF08B4283B69FA00025E14 /* APICenter */,
				EB31AB9B920EB960775FBDC2 /* Requests */,
				EB31A208DD0D659D4282585F /* Models */,
				EB31A3E23B032D70CE520042 /* Error */,
			);
			path = Sources;
			sourceTree = "<group>";
		};
		1E7F76512838D04C0035A8E2 /* Frameworks */ = {
			isa = PBXGroup;
			children = (
				1E7F76522838D04C0035A8E2 /* Service.framework */,
			);
			name = Frameworks;
			sourceTree = "<group>";
		};
		1EDF08B4283B69FA00025E14 /* APICenter */ = {
			isa = PBXGroup;
			children = (
				EB31A82AA4508911EAE23FFB /* APICenter.swift */,
				EB31A0D60AE4827247A3D0C9 /* APICenter.API.swift */,
				EB31A3D70C70EFA2D2AA819C /* APICenter.APIKey.swift */,
			);
			path = APICenter;
			sourceTree = "<group>";
		};
		EB31A208DD0D659D4282585F /* Models */ = {
			isa = PBXGroup;
			children = (
				EB31AA517367479CDF792CA9 /* Meta.swift */,
				EB31A9A20F8F0E7D0424A636 /* Thumbnail.swift */,
				EB31A888DD1F249CF8F7DC3C /* Wallpaper.swift */,
				EB31A308F97D4AFED2BF6BAE /* ListResponse.swift */,
				EB31A1AC0809D2A983D41A6B /* WallpaperDetail.swift */,
				EB31A3ED3F251737EA984B54 /* DetailResponse.swift */,
				EB31AB29CDE66FB82C8AD8F4 /* Uploader.swift */,
				EB31A4D759933DA74F82ED39 /* Tag.swift */,
				EB31AAF2AE8BFCEBA5CA8FAA /* SettingsResponse.swift */,
				EB31A46666701A71FE600C48 /* Settings.swift */,
			);
			path = Models;
			sourceTree = "<group>";
		};
		EB31A3E23B032D70CE520042 /* Error */ = {
			isa = PBXGroup;
			children = (
				EB31ADFCBDB29B187AE0ABC4 /* HTTPError.swift */,
			);
			path = Error;
			sourceTree = "<group>";
		};
		EB31AB9B920EB960775FBDC2 /* Requests */ = {
			isa = PBXGroup;
			children = (
				EB31AF579CA69FC8E43A68D0 /* ListRequest.swift */,
				EB31AC19DA9BE6F2F05C4560 /* BaseRequestable.swift */,
				EB31A36A0CE94B0ECEE6C3D1 /* DetailRequest.swift */,
				EB31A3FE69CAB52276053978 /* SettingsRequest.swift */,
			);
			path = Requests;
			sourceTree = "<group>";
		};
/* End PBXGroup section */

/* Begin PBXNativeTarget section */
		1E7F76402838D0340035A8E2 /* CenterAPI */ = {
			isa = PBXNativeTarget;
			buildConfigurationList = 1E7F76482838D0340035A8E2 /* Build configuration list for PBXNativeTarget "CenterAPI" */;
			buildPhases = (
				1E7F763D2838D0340035A8E2 /* Sources */,
				1E7F763E2838D0340035A8E2 /* Frameworks */,
				1E7F763F2838D0340035A8E2 /* CopyFiles */,
			);
			buildRules = (
			);
			dependencies = (
			);
			name = CenterAPI;
			productName = CenterAPI;
			productReference = 1E7F76412838D0340035A8E2 /* libCenterAPI.a */;
			productType = "com.apple.product-type.library.static";
		};
/* End PBXNativeTarget section */

/* Begin PBXProject section */
		1E7F76392838D0340035A8E2 /* Project object */ = {
			isa = PBXProject;
			attributes = {
				BuildIndependentTargetsInParallel = 1;
				LastSwiftUpdateCheck = 1340;
				LastUpgradeCheck = 1340;
				TargetAttributes = {
					1E7F76402838D0340035A8E2 = {
						CreatedOnToolsVersion = 13.4;
					};
				};
			};
			buildConfigurationList = 1E7F763C2838D0340035A8E2 /* Build configuration list for PBXProject "CenterAPI" */;
			compatibilityVersion = "Xcode 13.0";
			developmentRegion = en;
			hasScannedForEncodings = 0;
			knownRegions = (
				en,
				Base,
			);
			mainGroup = 1E7F76382838D0340035A8E2;
			productRefGroup = 1E7F76422838D0340035A8E2 /* Products */;
			projectDirPath = "";
			projectRoot = "";
			targets = (
				1E7F76402838D0340035A8E2 /* CenterAPI */,
			);
		};
/* End PBXProject section */

/* Begin PBXSourcesBuildPhase section */
		1E7F763D2838D0340035A8E2 /* Sources */ = {
			isa = PBXSourcesBuildPhase;
			buildActionMask = 2147483647;
			files = (
				EB31A2602E3215F10C638DFB /* APICenter.swift in Sources */,
				EB31A35D1BFAE516044ED643 /* ListRequest.swift in Sources */,
				EB31A46CD25E3448C219CFF9 /* BaseRequestable.swift in Sources */,
				EB31A1F647AE9A642353C416 /* Meta.swift in Sources */,
				EB31A2001911132D264EEEBA /* Thumbnail.swift in Sources */,
				EB31A264165DD94FFBD8E837 /* Wallpaper.swift in Sources */,
				EB31A4AC042A521C2332A6F9 /* ListResponse.swift in Sources */,
				EB31A75AB3960C16EEADDFF6 /* DetailRequest.swift in Sources */,
				EB31A0744AB91852FA73B15B /* WallpaperDetail.swift in Sources */,
				EB31ADD0062CE6703862FACF /* DetailResponse.swift in Sources */,
				EB31A2DEA0A1DA5946D30CF3 /* Uploader.swift in Sources */,
				EB31AB15CFA081A49F55D8E5 /* Tag.swift in Sources */,
				EB31AEB80027FF39B8E2D6C6 /* SettingsRequest.swift in Sources */,
				EB31A2C66D5EA67FA1863804 /* SettingsResponse.swift in Sources */,
				EB31A3CACF3E85E02B684A4A /* Settings.swift in Sources */,
				EB31AA45DFD56841BCE87BA9 /* HTTPError.swift in Sources */,
				EB31AA6EBA53FFEFEAF31AAB /* APICenter.API.swift in Sources */,
				EB31A9DA825316712FADB024 /* APICenter.APIKey.swift in Sources */,
			);
			runOnlyForDeploymentPostprocessing = 0;
		};
/* End PBXSourcesBuildPhase section */

/* Begin XCBuildConfiguration section */
		1E7F76462838D0340035A8E2 /* Debug */ = {
			isa = XCBuildConfiguration;
			buildSettings = {
				ALWAYS_SEARCH_USER_PATHS = NO;
				CLANG_ANALYZER_NONNULL = YES;
				CLANG_ANALYZER_NUMBER_OBJECT_CONVERSION = YES_AGGRESSIVE;
				CLANG_CXX_LANGUAGE_STANDARD = "gnu++17";
				CLANG_ENABLE_MODULES = YES;
				CLANG_ENABLE_OBJC_ARC = YES;
				CLANG_ENABLE_OBJC_WEAK = YES;
				CLANG_WARN_BLOCK_CAPTURE_AUTORELEASING = YES;
				CLANG_WARN_BOOL_CONVERSION = YES;
				CLANG_WARN_COMMA = YES;
				CLANG_WARN_CONSTANT_CONVERSION = YES;
				CLANG_WARN_DEPRECATED_OBJC_IMPLEMENTATIONS = YES;
				CLANG_WARN_DIRECT_OBJC_ISA_USAGE = YES_ERROR;
				CLANG_WARN_DOCUMENTATION_COMMENTS = YES;
				CLANG_WARN_EMPTY_BODY = YES;
				CLANG_WARN_ENUM_CONVERSION = YES;
				CLANG_WARN_INFINITE_RECURSION = YES;
				CLANG_WARN_INT_CONVERSION = YES;
				CLANG_WARN_NON_LITERAL_NULL_CONVERSION = YES;
				CLANG_WARN_OBJC_IMPLICIT_RETAIN_SELF = YES;
				CLANG_WARN_OBJC_LITERAL_CONVERSION = YES;
				CLANG_WARN_OBJC_ROOT_CLASS = YES_ERROR;
				CLANG_WARN_QUOTED_INCLUDE_IN_FRAMEWORK_HEADER = YES;
				CLANG_WARN_RANGE_LOOP_ANALYSIS = YES;
				CLANG_WARN_STRICT_PROTOTYPES = YES;
				CLANG_WARN_SUSPICIOUS_MOVE = YES;
				CLANG_WARN_UNGUARDED_AVAILABILITY = YES_AGGRESSIVE;
				CLANG_WARN_UNREACHABLE_CODE = YES;
				CLANG_WARN__DUPLICATE_METHOD_MATCH = YES;
				COPY_PHASE_STRIP = NO;
				DEBUG_INFORMATION_FORMAT = dwarf;
				ENABLE_STRICT_OBJC_MSGSEND = YES;
				ENABLE_TESTABILITY = YES;
				GCC_C_LANGUAGE_STANDARD = gnu11;
				GCC_DYNAMIC_NO_PIC = NO;
				GCC_NO_COMMON_BLOCKS = YES;
				GCC_OPTIMIZATION_LEVEL = 0;
				GCC_PREPROCESSOR_DEFINITIONS = (
					"DEBUG=1",
					"$(inherited)",
				);
				GCC_WARN_64_TO_32_BIT_CONVERSION = YES;
				GCC_WARN_ABOUT_RETURN_TYPE = YES_ERROR;
				GCC_WARN_UNDECLARED_SELECTOR = YES;
				GCC_WARN_UNINITIALIZED_AUTOS = YES_AGGRESSIVE;
				GCC_WARN_UNUSED_FUNCTION = YES;
				GCC_WARN_UNUSED_VARIABLE = YES;
				IPHONEOS_DEPLOYMENT_TARGET = 13.0;
				MTL_ENABLE_DEBUG_INFO = INCLUDE_SOURCE;
				MTL_FAST_MATH = YES;
				ONLY_ACTIVE_ARCH = YES;
				SDKROOT = iphoneos;
				SWIFT_ACTIVE_COMPILATION_CONDITIONS = DEBUG;
				SWIFT_OPTIMIZATION_LEVEL = "-Onone";
			};
			name = Debug;
		};
		1E7F76472838D0340035A8E2 /* Release */ = {
			isa = XCBuildConfiguration;
			buildSettings = {
				ALWAYS_SEARCH_USER_PATHS = NO;
				CLANG_ANALYZER_NONNULL = YES;
				CLANG_ANALYZER_NUMBER_OBJECT_CONVERSION = YES_AGGRESSIVE;
				CLANG_CXX_LANGUAGE_STANDARD = "gnu++17";
				CLANG_ENABLE_MODULES = YES;
				CLANG_ENABLE_OBJC_ARC = YES;
				CLANG_ENABLE_OBJC_WEAK = YES;
				CLANG_WARN_BLOCK_CAPTURE_AUTORELEASING = YES;
				CLANG_WARN_BOOL_CONVERSION = YES;
				CLANG_WARN_COMMA = YES;
				CLANG_WARN_CONSTANT_CONVERSION = YES;
				CLANG_WARN_DEPRECATED_OBJC_IMPLEMENTATIONS = YES;
				CLANG_WARN_DIRECT_OBJC_ISA_USAGE = YES_ERROR;
				CLANG_WARN_DOCUMENTATION_COMMENTS = YES;
				CLANG_WARN_EMPTY_BODY = YES;
				CLANG_WARN_ENUM_CONVERSION = YES;
				CLANG_WARN_INFINITE_RECURSION = YES;
				CLANG_WARN_INT_CONVERSION = YES;
				CLANG_WARN_NON_LITERAL_NULL_CONVERSION = YES;
				CLANG_WARN_OBJC_IMPLICIT_RETAIN_SELF = YES;
				CLANG_WARN_OBJC_LITERAL_CONVERSION = YES;
				CLANG_WARN_OBJC_ROOT_CLASS = YES_ERROR;
				CLANG_WARN_QUOTED_INCLUDE_IN_FRAMEWORK_HEADER = YES;
				CLANG_WARN_RANGE_LOOP_ANALYSIS = YES;
				CLANG_WARN_STRICT_PROTOTYPES = YES;
				CLANG_WARN_SUSPICIOUS_MOVE = YES;
				CLANG_WARN_UNGUARDED_AVAILABILITY = YES_AGGRESSIVE;
				CLANG_WARN_UNREACHABLE_CODE = YES;
				CLANG_WARN__DUPLICATE_METHOD_MATCH = YES;
				COPY_PHASE_STRIP = NO;
				DEBUG_INFORMATION_FORMAT = "dwarf-with-dsym";
				ENABLE_NS_ASSERTIONS = NO;
				ENABLE_STRICT_OBJC_MSGSEND = YES;
				GCC_C_LANGUAGE_STANDARD = gnu11;
				GCC_NO_COMMON_BLOCKS = YES;
				GCC_WARN_64_TO_32_BIT_CONVERSION = YES;
				GCC_WARN_ABOUT_RETURN_TYPE = YES_ERROR;
				GCC_WARN_UNDECLARED_SELECTOR = YES;
				GCC_WARN_UNINITIALIZED_AUTOS = YES_AGGRESSIVE;
				GCC_WARN_UNUSED_FUNCTION = YES;
				GCC_WARN_UNUSED_VARIABLE = YES;
				IPHONEOS_DEPLOYMENT_TARGET = 13.0;
				MTL_ENABLE_DEBUG_INFO = NO;
				MTL_FAST_MATH = YES;
				SDKROOT = iphoneos;
				SWIFT_COMPILATION_MODE = wholemodule;
				SWIFT_OPTIMIZATION_LEVEL = "-O";
				VALIDATE_PRODUCT = YES;
			};
			name = Release;
		};
		1E7F76492838D0340035A8E2 /* Debug */ = {
			isa = XCBuildConfiguration;
			buildSettings = {
				CODE_SIGN_STYLE = Automatic;
				DEVELOPMENT_TEAM = PTP77VVZ46;
				OTHER_LDFLAGS = "-ObjC";
				PRODUCT_NAME = "$(TARGET_NAME)";
				SKIP_INSTALL = YES;
				SWIFT_VERSION = 5.0;
				TARGETED_DEVICE_FAMILY = "1,2";
			};
			name = Debug;
		};
		1E7F764A2838D0340035A8E2 /* Release */ = {
			isa = XCBuildConfiguration;
			buildSettings = {
				CODE_SIGN_STYLE = Automatic;
				DEVELOPMENT_TEAM = PTP77VVZ46;
				OTHER_LDFLAGS = "-ObjC";
				PRODUCT_NAME = "$(TARGET_NAME)";
				SKIP_INSTALL = YES;
				SWIFT_VERSION = 5.0;
				TARGETED_DEVICE_FAMILY = "1,2";
			};
			name = Release;
		};
/* End XCBuildConfiguration section */

/* Begin XCConfigurationList section */
		1E7F763C2838D0340035A8E2 /* Build configuration list for PBXProject "CenterAPI" */ = {
			isa = XCConfigurationList;
			buildConfigurations = (
				1E7F76462838D0340035A8E2 /* Debug */,
				1E7F76472838D0340035A8E2 /* Release */,
			);
			defaultConfigurationIsVisible = 0;
			defaultConfigurationName = Release;
		};
		1E7F76482838D0340035A8E2 /* Build configuration list for PBXNativeTarget "CenterAPI" */ = {
			isa = XCConfigurationList;
			buildConfigurations = (
				1E7F76492838D0340035A8E2 /* Debug */,
				1E7F764A2838D0340035A8E2 /* Release */,
			);
			defaultConfigurationIsVisible = 0;
			defaultConfigurationName = Release;
		};
/* End XCConfigurationList section */
	};
	rootObject = 1E7F76392838D0340035A8E2 /* Project object */;
}
