// !$*UTF8*$!
{
	archiveVersion = 1;
	classes = {
	};
	objectVersion = 55;
	objects = {

/* Begin PBXBuildFile section */
		1E7F75E828377D870035A8E2 /* Center.framework in Frameworks */ = {isa = PBXBuildFile; fileRef = 1E7F75E728377D870035A8E2 /* Center.framework */; };
		1E7F75EA28377D870035A8E2 /* Service.framework in Frameworks */ = {isa = PBXBuildFile; fileRef = 1E7F75E928377D870035A8E2 /* Service.framework */; };
		1E7F75EC28377D870035A8E2 /* UICore.framework in Frameworks */ = {isa = PBXBuildFile; fileRef = 1E7F75EB28377D870035A8E2 /* UICore.framework */; };
		EB31A37FE8ECD44181E2EF31 /* DiscoveryModule.swift in Sources */ = {isa = PBXBuildFile; fileRef = EB31AB6CD314C8DAB63E8F0D /* DiscoveryModule.swift */; };
		EB31A4A5E7F7E6B536E204D5 /* Exported.swift in Sources */ = {isa = PBXBuildFile; fileRef = EB31AC662118840152C2DD86 /* Exported.swift */; };
		EB31A58372387C28358640F6 /* DiscoveryViewController.swift in Sources */ = {isa = PBXBuildFile; fileRef = EB31A3AC53CAC5454F780F75 /* DiscoveryViewController.swift */; };
		EB31AB1670868BB2A19D8396 /* DiscoveryNavigationViewController.swift in Sources */ = {isa = PBXBuildFile; fileRef = EB31A5D1922C19ABFD35E292 /* DiscoveryNavigationViewController.swift */; };
		EB31AC41CDB0A93720F289C5 /* DiscoveryContentView.swift in Sources */ = {isa = PBXBuildFile; fileRef = EB31A5593CCF06F0F1CEAE17 /* DiscoveryContentView.swift */; };
/* End PBXBuildFile section */

/* Begin PBXCopyFilesBuildPhase section */
		1E7F75D428377D670035A8E2 /* CopyFiles */ = {
			isa = PBXCopyFilesBuildPhase;
			buildActionMask = 2147483647;
			dstPath = "include/$(PRODUCT_NAME)";
			dstSubfolderSpec = 16;
			files = (
			);
			runOnlyForDeploymentPostprocessing = 0;
		};
/* End PBXCopyFilesBuildPhase section */

/* Begin PBXFileReference section */
		1E7F75D628377D670035A8E2 /* libAppDiscovery.a */ = {isa = PBXFileReference; explicitFileType = archive.ar; includeInIndex = 0; path = libAppDiscovery.a; sourceTree = BUILT_PRODUCTS_DIR; };
		1E7F75E728377D870035A8E2 /* Center.framework */ = {isa = PBXFileReference; explicitFileType = wrapper.framework; path = Center.framework; sourceTree = BUILT_PRODUCTS_DIR; };
		1E7F75E928377D870035A8E2 /* Service.framework */ = {isa = PBXFileReference; explicitFileType = wrapper.framework; path = Service.framework; sourceTree = BUILT_PRODUCTS_DIR; };
		1E7F75EB28377D870035A8E2 /* UICore.framework */ = {isa = PBXFileReference; explicitFileType = wrapper.framework; path = UICore.framework; sourceTree = BUILT_PRODUCTS_DIR; };
		EB31A3AC53CAC5454F780F75 /* DiscoveryViewController.swift */ = {isa = PBXFileReference; fileEncoding = 4; lastKnownFileType = sourcecode.swift; path = DiscoveryViewController.swift; sourceTree = "<group>"; };
		EB31A5593CCF06F0F1CEAE17 /* DiscoveryContentView.swift */ = {isa = PBXFileReference; fileEncoding = 4; lastKnownFileType = sourcecode.swift; path = DiscoveryContentView.swift; sourceTree = "<group>"; };
		EB31A5D1922C19ABFD35E292 /* DiscoveryNavigationViewController.swift */ = {isa = PBXFileReference; fileEncoding = 4; lastKnownFileType = sourcecode.swift; path = DiscoveryNavigationViewController.swift; sourceTree = "<group>"; };
		EB31AB6CD314C8DAB63E8F0D /* DiscoveryModule.swift */ = {isa = PBXFileReference; fileEncoding = 4; lastKnownFileType = sourcecode.swift; path = DiscoveryModule.swift; sourceTree = "<group>"; };
		EB31AC662118840152C2DD86 /* Exported.swift */ = {isa = PBXFileReference; fileEncoding = 4; lastKnownFileType = sourcecode.swift; path = Exported.swift; sourceTree = "<group>"; };
/* End PBXFileReference section */

/* Begin PBXFrameworksBuildPhase section */
		1E7F75D328377D670035A8E2 /* Frameworks */ = {
			isa = PBXFrameworksBuildPhase;
			buildActionMask = 2147483647;
			files = (
				1E7F75E828377D870035A8E2 /* Center.framework in Frameworks */,
				1E7F75EA28377D870035A8E2 /* Service.framework in Frameworks */,
				1E7F75EC28377D870035A8E2 /* UICore.framework in Frameworks */,
			);
			runOnlyForDeploymentPostprocessing = 0;
		};
/* End PBXFrameworksBuildPhase section */

/* Begin PBXGroup section */
		1E7F75CD28377D670035A8E2 = {
			isa = PBXGroup;
			children = (
				1E7F75D828377D670035A8E2 /* Sources */,
				1E7F75D728377D670035A8E2 /* Products */,
				1E7F75E628377D870035A8E2 /* Frameworks */,
			);
			sourceTree = "<group>";
		};
		1E7F75D728377D670035A8E2 /* Products */ = {
			isa = PBXGroup;
			children = (
				1E7F75D628377D670035A8E2 /* libAppDiscovery.a */,
			);
			name = Products;
			sourceTree = "<group>";
		};
		1E7F75D828377D670035A8E2 /* Sources */ = {
			isa = PBXGroup;
			children = (
				EB31AC662118840152C2DD86 /* Exported.swift */,
				EB31AB6CD314C8DAB63E8F0D /* DiscoveryModule.swift */,
				EB31AAB88515FA0F63745F98 /* Discovery */,
			);
			path = Sources;
			sourceTree = "<group>";
		};
		1E7F75E628377D870035A8E2 /* Frameworks */ = {
			isa = PBXGroup;
			children = (
				1E7F75E728377D870035A8E2 /* Center.framework */,
				1E7F75E928377D870035A8E2 /* Service.framework */,
				1E7F75EB28377D870035A8E2 /* UICore.framework */,
			);
			name = Frameworks;
			sourceTree = "<group>";
		};
		EB31AAB88515FA0F63745F98 /* Discovery */ = {
			isa = PBXGroup;
			children = (
				EB31A5D1922C19ABFD35E292 /* DiscoveryNavigationViewController.swift */,
				EB31A3AC53CAC5454F780F75 /* DiscoveryViewController.swift */,
				EB31A5593CCF06F0F1CEAE17 /* DiscoveryContentView.swift */,
			);
			path = Discovery;
			sourceTree = "<group>";
		};
/* End PBXGroup section */

/* Begin PBXNativeTarget section */
		1E7F75D528377D670035A8E2 /* AppDiscovery */ = {
			isa = PBXNativeTarget;
			buildConfigurationList = 1E7F75DD28377D670035A8E2 /* Build configuration list for PBXNativeTarget "AppDiscovery" */;
			buildPhases = (
				1E7F75D228377D670035A8E2 /* Sources */,
				1E7F75D328377D670035A8E2 /* Frameworks */,
				1E7F75D428377D670035A8E2 /* CopyFiles */,
			);
			buildRules = (
			);
			dependencies = (
			);
			name = AppDiscovery;
			productName = AppDiscovery;
			productReference = 1E7F75D628377D670035A8E2 /* libAppDiscovery.a */;
			productType = "com.apple.product-type.library.static";
		};
/* End PBXNativeTarget section */

/* Begin PBXProject section */
		1E7F75CE28377D670035A8E2 /* Project object */ = {
			isa = PBXProject;
			attributes = {
				BuildIndependentTargetsInParallel = 1;
				LastSwiftUpdateCheck = 1340;
				LastUpgradeCheck = 1340;
				TargetAttributes = {
					1E7F75D528377D670035A8E2 = {
						CreatedOnToolsVersion = 13.4;
					};
				};
			};
			buildConfigurationList = 1E7F75D128377D670035A8E2 /* Build configuration list for PBXProject "AppDiscovery" */;
			compatibilityVersion = "Xcode 13.0";
			developmentRegion = en;
			hasScannedForEncodings = 0;
			knownRegions = (
				en,
				Base,
			);
			mainGroup = 1E7F75CD28377D670035A8E2;
			productRefGroup = 1E7F75D728377D670035A8E2 /* Products */;
			projectDirPath = "";
			projectRoot = "";
			targets = (
				1E7F75D528377D670035A8E2 /* AppDiscovery */,
			);
		};
/* End PBXProject section */

/* Begin PBXSourcesBuildPhase section */
		1E7F75D228377D670035A8E2 /* Sources */ = {
			isa = PBXSourcesBuildPhase;
			buildActionMask = 2147483647;
			files = (
				EB31A37FE8ECD44181E2EF31 /* DiscoveryModule.swift in Sources */,
				EB31A4A5E7F7E6B536E204D5 /* Exported.swift in Sources */,
				EB31AB1670868BB2A19D8396 /* DiscoveryNavigationViewController.swift in Sources */,
				EB31A58372387C28358640F6 /* DiscoveryViewController.swift in Sources */,
				EB31AC41CDB0A93720F289C5 /* DiscoveryContentView.swift in Sources */,
			);
			runOnlyForDeploymentPostprocessing = 0;
		};
/* End PBXSourcesBuildPhase section */

/* Begin XCBuildConfiguration section */
		1E7F75DB28377D670035A8E2 /* Debug */ = {
			isa = XCBuildConfiguration;
			buildSettings = {
				ALWAYS_SEARCH_USER_PATHS = NO;
				CLANG_ANALYZER_NONNULL = YES;
				CLANG_ANALYZER_NUMBER_OBJECT_CONVERSION = YES_AGGRESSIVE;
				CLANG_CXX_LANGUAGE_STANDARD = "gnu++17";
				CLANG_ENABLE_MODULES = YES;
				CLANG_ENABLE_OBJC_ARC = YES;
				CLANG_ENABLE_OBJC_WEAK = YES;
				CLANG_WARN_BLOCK_CAPTURE_AUTORELEASING = YES;
				CLANG_WARN_BOOL_CONVERSION = YES;
				CLANG_WARN_COMMA = YES;
				CLANG_WARN_CONSTANT_CONVERSION = YES;
				CLANG_WARN_DEPRECATED_OBJC_IMPLEMENTATIONS = YES;
				CLANG_WARN_DIRECT_OBJC_ISA_USAGE = YES_ERROR;
				CLANG_WARN_DOCUMENTATION_COMMENTS = YES;
				CLANG_WARN_EMPTY_BODY = YES;
				CLANG_WARN_ENUM_CONVERSION = YES;
				CLANG_WARN_INFINITE_RECURSION = YES;
				CLANG_WARN_INT_CONVERSION = YES;
				CLANG_WARN_NON_LITERAL_NULL_CONVERSION = YES;
				CLANG_WARN_OBJC_IMPLICIT_RETAIN_SELF = YES;
				CLANG_WARN_OBJC_LITERAL_CONVERSION = YES;
				CLANG_WARN_OBJC_ROOT_CLASS = YES_ERROR;
				CLANG_WARN_QUOTED_INCLUDE_IN_FRAMEWORK_HEADER = YES;
				CLANG_WARN_RANGE_LOOP_ANALYSIS = YES;
				CLANG_WARN_STRICT_PROTOTYPES = YES;
				CLANG_WARN_SUSPICIOUS_MOVE = YES;
				CLANG_WARN_UNGUARDED_AVAILABILITY = YES_AGGRESSIVE;
				CLANG_WARN_UNREACHABLE_CODE = YES;
				CLANG_WARN__DUPLICATE_METHOD_MATCH = YES;
				COPY_PHASE_STRIP = NO;
				DEBUG_INFORMATION_FORMAT = dwarf;
				ENABLE_STRICT_OBJC_MSGSEND = YES;
				ENABLE_TESTABILITY = YES;
				GCC_C_LANGUAGE_STANDARD = gnu11;
				GCC_DYNAMIC_NO_PIC = NO;
				GCC_NO_COMMON_BLOCKS = YES;
				GCC_OPTIMIZATION_LEVEL = 0;
				GCC_PREPROCESSOR_DEFINITIONS = (
					"DEBUG=1",
					"$(inherited)",
				);
				GCC_WARN_64_TO_32_BIT_CONVERSION = YES;
				GCC_WARN_ABOUT_RETURN_TYPE = YES_ERROR;
				GCC_WARN_UNDECLARED_SELECTOR = YES;
				GCC_WARN_UNINITIALIZED_AUTOS = YES_AGGRESSIVE;
				GCC_WARN_UNUSED_FUNCTION = YES;
				GCC_WARN_UNUSED_VARIABLE = YES;
				IPHONEOS_DEPLOYMENT_TARGET = 13.0;
				MTL_ENABLE_DEBUG_INFO = INCLUDE_SOURCE;
				MTL_FAST_MATH = YES;
				ONLY_ACTIVE_ARCH = YES;
				SDKROOT = iphoneos;
				SWIFT_ACTIVE_COMPILATION_CONDITIONS = DEBUG;
				SWIFT_OPTIMIZATION_LEVEL = "-Onone";
			};
			name = Debug;
		};
		1E7F75DC28377D670035A8E2 /* Release */ = {
			isa = XCBuildConfiguration;
			buildSettings = {
				ALWAYS_SEARCH_USER_PATHS = NO;
				CLANG_ANALYZER_NONNULL = YES;
				CLANG_ANALYZER_NUMBER_OBJECT_CONVERSION = YES_AGGRESSIVE;
				CLANG_CXX_LANGUAGE_STANDARD = "gnu++17";
				CLANG_ENABLE_MODULES = YES;
				CLANG_ENABLE_OBJC_ARC = YES;
				CLANG_ENABLE_OBJC_WEAK = YES;
				CLANG_WARN_BLOCK_CAPTURE_AUTORELEASING = YES;
				CLANG_WARN_BOOL_CONVERSION = YES;
				CLANG_WARN_COMMA = YES;
				CLANG_WARN_CONSTANT_CONVERSION = YES;
				CLANG_WARN_DEPRECATED_OBJC_IMPLEMENTATIONS = YES;
				CLANG_WARN_DIRECT_OBJC_ISA_USAGE = YES_ERROR;
				CLANG_WARN_DOCUMENTATION_COMMENTS = YES;
				CLANG_WARN_EMPTY_BODY = YES;
				CLANG_WARN_ENUM_CONVERSION = YES;
				CLANG_WARN_INFINITE_RECURSION = YES;
				CLANG_WARN_INT_CONVERSION = YES;
				CLANG_WARN_NON_LITERAL_NULL_CONVERSION = YES;
				CLANG_WARN_OBJC_IMPLICIT_RETAIN_SELF = YES;
				CLANG_WARN_OBJC_LITERAL_CONVERSION = YES;
				CLANG_WARN_OBJC_ROOT_CLASS = YES_ERROR;
				CLANG_WARN_QUOTED_INCLUDE_IN_FRAMEWORK_HEADER = YES;
				CLANG_WARN_RANGE_LOOP_ANALYSIS = YES;
				CLANG_WARN_STRICT_PROTOTYPES = YES;
				CLANG_WARN_SUSPICIOUS_MOVE = YES;
				CLANG_WARN_UNGUARDED_AVAILABILITY = YES_AGGRESSIVE;
				CLANG_WARN_UNREACHABLE_CODE = YES;
				CLANG_WARN__DUPLICATE_METHOD_MATCH = YES;
				COPY_PHASE_STRIP = NO;
				DEBUG_INFORMATION_FORMAT = "dwarf-with-dsym";
				ENABLE_NS_ASSERTIONS = NO;
				ENABLE_STRICT_OBJC_MSGSEND = YES;
				GCC_C_LANGUAGE_STANDARD = gnu11;
				GCC_NO_COMMON_BLOCKS = YES;
				GCC_WARN_64_TO_32_BIT_CONVERSION = YES;
				GCC_WARN_ABOUT_RETURN_TYPE = YES_ERROR;
				GCC_WARN_UNDECLARED_SELECTOR = YES;
				GCC_WARN_UNINITIALIZED_AUTOS = YES_AGGRESSIVE;
				GCC_WARN_UNUSED_FUNCTION = YES;
				GCC_WARN_UNUSED_VARIABLE = YES;
				IPHONEOS_DEPLOYMENT_TARGET = 13.0;
				MTL_ENABLE_DEBUG_INFO = NO;
				MTL_FAST_MATH = YES;
				SDKROOT = iphoneos;
				SWIFT_COMPILATION_MODE = wholemodule;
				SWIFT_OPTIMIZATION_LEVEL = "-O";
				VALIDATE_PRODUCT = YES;
			};
			name = Release;
		};
		1E7F75DE28377D670035A8E2 /* Debug */ = {
			isa = XCBuildConfiguration;
			buildSettings = {
				CODE_SIGN_STYLE = Automatic;
				DEVELOPMENT_TEAM = PTP77VVZ46;
				OTHER_LDFLAGS = "-ObjC";
				PRODUCT_NAME = "$(TARGET_NAME)";
				SKIP_INSTALL = YES;
				SWIFT_VERSION = 5.0;
				TARGETED_DEVICE_FAMILY = "1,2";
			};
			name = Debug;
		};
		1E7F75DF28377D670035A8E2 /* Release */ = {
			isa = XCBuildConfiguration;
			buildSettings = {
				CODE_SIGN_STYLE = Automatic;
				DEVELOPMENT_TEAM = PTP77VVZ46;
				OTHER_LDFLAGS = "-ObjC";
				PRODUCT_NAME = "$(TARGET_NAME)";
				SKIP_INSTALL = YES;
				SWIFT_VERSION = 5.0;
				TARGETED_DEVICE_FAMILY = "1,2";
			};
			name = Release;
		};
/* End XCBuildConfiguration section */

/* Begin XCConfigurationList section */
		1E7F75D128377D670035A8E2 /* Build configuration list for PBXProject "AppDiscovery" */ = {
			isa = XCConfigurationList;
			buildConfigurations = (
				1E7F75DB28377D670035A8E2 /* Debug */,
				1E7F75DC28377D670035A8E2 /* Release */,
			);
			defaultConfigurationIsVisible = 0;
			defaultConfigurationName = Release;
		};
		1E7F75DD28377D670035A8E2 /* Build configuration list for PBXNativeTarget "AppDiscovery" */ = {
			isa = XCConfigurationList;
			buildConfigurations = (
				1E7F75DE28377D670035A8E2 /* Debug */,
				1E7F75DF28377D670035A8E2 /* Release */,
			);
			defaultConfigurationIsVisible = 0;
			defaultConfigurationName = Release;
		};
/* End XCConfigurationList section */
	};
	rootObject = 1E7F75CE28377D670035A8E2 /* Project object */;
}
