// !$*UTF8*$!
{
	archiveVersion = 1;
	classes = {
	};
	objectVersion = 55;
	objects = {

/* Begin PBXBuildFile section */
		1E75BBE22863219C00029EA3 /* WebBrowserModule.swift in Sources */ = {isa = PBXBuildFile; fileRef = 1E75BBE12863219C00029EA3 /* WebBrowserModule.swift */; };
		1EC9410A286323A900F23094 /* Center.framework in Frameworks */ = {isa = PBXBuildFile; fileRef = 1EC94109286323A900F23094 /* Center.framework */; };
		1EC9410C286323A900F23094 /* Service.framework in Frameworks */ = {isa = PBXBuildFile; fileRef = 1EC9410B286323A900F23094 /* Service.framework */; };
		1EC9410E286323A900F23094 /* UICore.framework in Frameworks */ = {isa = PBXBuildFile; fileRef = 1EC9410D286323A900F23094 /* UICore.framework */; };
		EB31A28AFA3FF65D6CE750D7 /* WebBrowserUIDelegator.swift in Sources */ = {isa = PBXBuildFile; fileRef = EB31AA0DC4A79E5C8360AC72 /* WebBrowserUIDelegator.swift */; };
		EB31A3930DC6F5F34EEBABAB /* WebBrowserContentView.swift in Sources */ = {isa = PBXBuildFile; fileRef = EB31A5FD006EFA9C3C1AC2D7 /* WebBrowserContentView.swift */; };
		EB31A505BFF6D4C86C263AA4 /* Exported.swift in Sources */ = {isa = PBXBuildFile; fileRef = EB31AC644BD46147CBB77D97 /* Exported.swift */; };
		EB31A708DB3A02A1DBA5EFBA /* WebBrowserViewModel.swift in Sources */ = {isa = PBXBuildFile; fileRef = EB31AA0EEC1B26159787837A /* WebBrowserViewModel.swift */; };
		EB31A8B67877C7A77A8FC3CA /* WebBrowserNavigationDelegator.swift in Sources */ = {isa = PBXBuildFile; fileRef = EB31AE9E6BF22887E0E3E172 /* WebBrowserNavigationDelegator.swift */; };
		EB31A95B558BE00B01D7141A /* WebBrowserViewController.swift in Sources */ = {isa = PBXBuildFile; fileRef = EB31AF8DA5B58E5000D8113E /* WebBrowserViewController.swift */; };
/* End PBXBuildFile section */

/* Begin PBXCopyFilesBuildPhase section */
		1EB5CCC82862C69B00119589 /* CopyFiles */ = {
			isa = PBXCopyFilesBuildPhase;
			buildActionMask = 2147483647;
			dstPath = "include/$(PRODUCT_NAME)";
			dstSubfolderSpec = 16;
			files = (
			);
			runOnlyForDeploymentPostprocessing = 0;
		};
/* End PBXCopyFilesBuildPhase section */

/* Begin PBXFileReference section */
		1E75BBE12863219C00029EA3 /* WebBrowserModule.swift */ = {isa = PBXFileReference; fileEncoding = 4; lastKnownFileType = sourcecode.swift; path = WebBrowserModule.swift; sourceTree = "<group>"; };
		1EB5CCCA2862C69B00119589 /* libAppWebBrowser.a */ = {isa = PBXFileReference; explicitFileType = archive.ar; includeInIndex = 0; path = libAppWebBrowser.a; sourceTree = BUILT_PRODUCTS_DIR; };
		1EB5CCDF2862C6BF00119589 /* AppWebBrowser.xcconfig */ = {isa = PBXFileReference; lastKnownFileType = text.xcconfig; path = AppWebBrowser.xcconfig; sourceTree = "<group>"; };
		1EB5CCE12862C6E000119589 /* AppWebBrowser.Debug.xcconfig */ = {isa = PBXFileReference; lastKnownFileType = text.xcconfig; path = AppWebBrowser.Debug.xcconfig; sourceTree = "<group>"; };
		1EB5CCE22862C6EC00119589 /* AppWebBrowser.Release.xcconfig */ = {isa = PBXFileReference; lastKnownFileType = text.xcconfig; path = AppWebBrowser.Release.xcconfig; sourceTree = "<group>"; };
		1EC94109286323A900F23094 /* Center.framework */ = {isa = PBXFileReference; explicitFileType = wrapper.framework; path = Center.framework; sourceTree = BUILT_PRODUCTS_DIR; };
		1EC9410B286323A900F23094 /* Service.framework */ = {isa = PBXFileReference; explicitFileType = wrapper.framework; path = Service.framework; sourceTree = BUILT_PRODUCTS_DIR; };
		1EC9410D286323A900F23094 /* UICore.framework */ = {isa = PBXFileReference; explicitFileType = wrapper.framework; path = UICore.framework; sourceTree = BUILT_PRODUCTS_DIR; };
		EB31A5FD006EFA9C3C1AC2D7 /* WebBrowserContentView.swift */ = {isa = PBXFileReference; fileEncoding = 4; lastKnownFileType = sourcecode.swift; path = WebBrowserContentView.swift; sourceTree = "<group>"; };
		EB31AA0DC4A79E5C8360AC72 /* WebBrowserUIDelegator.swift */ = {isa = PBXFileReference; fileEncoding = 4; lastKnownFileType = sourcecode.swift; path = WebBrowserUIDelegator.swift; sourceTree = "<group>"; };
		EB31AA0EEC1B26159787837A /* WebBrowserViewModel.swift */ = {isa = PBXFileReference; fileEncoding = 4; lastKnownFileType = sourcecode.swift; path = WebBrowserViewModel.swift; sourceTree = "<group>"; };
		EB31AC644BD46147CBB77D97 /* Exported.swift */ = {isa = PBXFileReference; fileEncoding = 4; lastKnownFileType = sourcecode.swift; path = Exported.swift; sourceTree = "<group>"; };
		EB31AE9E6BF22887E0E3E172 /* WebBrowserNavigationDelegator.swift */ = {isa = PBXFileReference; fileEncoding = 4; lastKnownFileType = sourcecode.swift; path = WebBrowserNavigationDelegator.swift; sourceTree = "<group>"; };
		EB31AF8DA5B58E5000D8113E /* WebBrowserViewController.swift */ = {isa = PBXFileReference; fileEncoding = 4; lastKnownFileType = sourcecode.swift; path = WebBrowserViewController.swift; sourceTree = "<group>"; };
/* End PBXFileReference section */

/* Begin PBXFrameworksBuildPhase section */
		1EB5CCC72862C69B00119589 /* Frameworks */ = {
			isa = PBXFrameworksBuildPhase;
			buildActionMask = 2147483647;
			files = (
				1EC9410A286323A900F23094 /* Center.framework in Frameworks */,
				1EC9410C286323A900F23094 /* Service.framework in Frameworks */,
				1EC9410E286323A900F23094 /* UICore.framework in Frameworks */,
			);
			runOnlyForDeploymentPostprocessing = 0;
		};
/* End PBXFrameworksBuildPhase section */

/* Begin PBXGroup section */
		1EB5CCC12862C69B00119589 = {
			isa = PBXGroup;
			children = (
				1EB5CCCC2862C69B00119589 /* Sources */,
				1EB5CCE02862C6C500119589 /* XCConfig */,
				1EB5CCCB2862C69B00119589 /* Products */,
				1EC94108286323A900F23094 /* Frameworks */,
			);
			sourceTree = "<group>";
		};
		1EB5CCCB2862C69B00119589 /* Products */ = {
			isa = PBXGroup;
			children = (
				1EB5CCCA2862C69B00119589 /* libAppWebBrowser.a */,
			);
			name = Products;
			sourceTree = "<group>";
		};
		1EB5CCCC2862C69B00119589 /* Sources */ = {
			isa = PBXGroup;
			children = (
				EB31AC644BD46147CBB77D97 /* Exported.swift */,
				1E75BBE12863219C00029EA3 /* WebBrowserModule.swift */,
				EB31A83EE8DDD64A6CF26D22 /* WebBrowser */,
			);
			path = Sources;
			sourceTree = "<group>";
		};
		1EB5CCE02862C6C500119589 /* XCConfig */ = {
			isa = PBXGroup;
			children = (
				1EB5CCDF2862C6BF00119589 /* AppWebBrowser.xcconfig */,
				1EB5CCE12862C6E000119589 /* AppWebBrowser.Debug.xcconfig */,
				1EB5CCE22862C6EC00119589 /* AppWebBrowser.Release.xcconfig */,
			);
			path = XCConfig;
			sourceTree = "<group>";
		};
		1EC94108286323A900F23094 /* Frameworks */ = {
			isa = PBXGroup;
			children = (
				1EC94109286323A900F23094 /* Center.framework */,
				1EC9410B286323A900F23094 /* Service.framework */,
				1EC9410D286323A900F23094 /* UICore.framework */,
			);
			name = Frameworks;
			sourceTree = "<group>";
		};
		EB31A83EE8DDD64A6CF26D22 /* WebBrowser */ = {
			isa = PBXGroup;
			children = (
				EB31AF8DA5B58E5000D8113E /* WebBrowserViewController.swift */,
				EB31AA0EEC1B26159787837A /* WebBrowserViewModel.swift */,
				EB31A5FD006EFA9C3C1AC2D7 /* WebBrowserContentView.swift */,
				EB31AA0DC4A79E5C8360AC72 /* WebBrowserUIDelegator.swift */,
				EB31AE9E6BF22887E0E3E172 /* WebBrowserNavigationDelegator.swift */,
			);
			path = WebBrowser;
			sourceTree = "<group>";
		};
/* End PBXGroup section */

/* Begin PBXNativeTarget section */
		1EB5CCC92862C69B00119589 /* AppWebBrowser */ = {
			isa = PBXNativeTarget;
			buildConfigurationList = 1EB5CCD12862C69B00119589 /* Build configuration list for PBXNativeTarget "AppWebBrowser" */;
			buildPhases = (
				1EB5CCC62862C69B00119589 /* Sources */,
				1EB5CCC72862C69B00119589 /* Frameworks */,
				1EB5CCC82862C69B00119589 /* CopyFiles */,
			);
			buildRules = (
			);
			dependencies = (
			);
			name = AppWebBrowser;
			productName = AppWebBrowser;
			productReference = 1EB5CCCA2862C69B00119589 /* libAppWebBrowser.a */;
			productType = "com.apple.product-type.library.static";
		};
/* End PBXNativeTarget section */

/* Begin PBXProject section */
		1EB5CCC22862C69B00119589 /* Project object */ = {
			isa = PBXProject;
			attributes = {
				BuildIndependentTargetsInParallel = 1;
				LastSwiftUpdateCheck = 1340;
				LastUpgradeCheck = 1340;
				TargetAttributes = {
					1EB5CCC92862C69B00119589 = {
						CreatedOnToolsVersion = 13.4.1;
					};
				};
			};
			buildConfigurationList = 1EB5CCC52862C69B00119589 /* Build configuration list for PBXProject "AppWebBrowser" */;
			compatibilityVersion = "Xcode 13.0";
			developmentRegion = en;
			hasScannedForEncodings = 0;
			knownRegions = (
				en,
				Base,
			);
			mainGroup = 1EB5CCC12862C69B00119589;
			productRefGroup = 1EB5CCCB2862C69B00119589 /* Products */;
			projectDirPath = "";
			projectRoot = "";
			targets = (
				1EB5CCC92862C69B00119589 /* AppWebBrowser */,
			);
		};
/* End PBXProject section */

/* Begin PBXSourcesBuildPhase section */
		1EB5CCC62862C69B00119589 /* Sources */ = {
			isa = PBXSourcesBuildPhase;
			buildActionMask = 2147483647;
			files = (
				EB31A505BFF6D4C86C263AA4 /* Exported.swift in Sources */,
				1E75BBE22863219C00029EA3 /* WebBrowserModule.swift in Sources */,
				EB31A95B558BE00B01D7141A /* WebBrowserViewController.swift in Sources */,
				EB31A708DB3A02A1DBA5EFBA /* WebBrowserViewModel.swift in Sources */,
				EB31A3930DC6F5F34EEBABAB /* WebBrowserContentView.swift in Sources */,
				EB31A28AFA3FF65D6CE750D7 /* WebBrowserUIDelegator.swift in Sources */,
				EB31A8B67877C7A77A8FC3CA /* WebBrowserNavigationDelegator.swift in Sources */,
			);
			runOnlyForDeploymentPostprocessing = 0;
		};
/* End PBXSourcesBuildPhase section */

/* Begin XCBuildConfiguration section */
		1EB5CCCF2862C69B00119589 /* Debug */ = {
			isa = XCBuildConfiguration;
			buildSettings = {
			};
			name = Debug;
		};
		1EB5CCD02862C69B00119589 /* Release */ = {
			isa = XCBuildConfiguration;
			buildSettings = {
			};
			name = Release;
		};
		1EB5CCD22862C69B00119589 /* Debug */ = {
			isa = XCBuildConfiguration;
			baseConfigurationReference = 1EB5CCE12862C6E000119589 /* AppWebBrowser.Debug.xcconfig */;
			buildSettings = {
			};
			name = Debug;
		};
		1EB5CCD32862C69B00119589 /* Release */ = {
			isa = XCBuildConfiguration;
			baseConfigurationReference = 1EB5CCE22862C6EC00119589 /* AppWebBrowser.Release.xcconfig */;
			buildSettings = {
			};
			name = Release;
		};
/* End XCBuildConfiguration section */

/* Begin XCConfigurationList section */
		1EB5CCC52862C69B00119589 /* Build configuration list for PBXProject "AppWebBrowser" */ = {
			isa = XCConfigurationList;
			buildConfigurations = (
				1EB5CCCF2862C69B00119589 /* Debug */,
				1EB5CCD02862C69B00119589 /* Release */,
			);
			defaultConfigurationIsVisible = 0;
			defaultConfigurationName = Release;
		};
		1EB5CCD12862C69B00119589 /* Build configuration list for PBXNativeTarget "AppWebBrowser" */ = {
			isa = XCConfigurationList;
			buildConfigurations = (
				1EB5CCD22862C69B00119589 /* Debug */,
				1EB5CCD32862C69B00119589 /* Release */,
			);
			defaultConfigurationIsVisible = 0;
			defaultConfigurationName = Release;
		};
/* End XCConfigurationList section */
	};
	rootObject = 1EB5CCC22862C69B00119589 /* Project object */;
}
