// !$*UTF8*$!
{
	archiveVersion = 1;
	classes = {
	};
	objectVersion = 55;
	objects = {

/* Begin PBXBuildFile section */
		1E7F759F28373B7E0035A8E2 /* Service.framework in Frameworks */ = {isa = PBXBuildFile; fileRef = 1E7F759E28373B7E0035A8E2 /* Service.framework */; };
		1E7F76542838D05D0035A8E2 /* libCenterAPI.a in Frameworks */ = {isa = PBXBuildFile; fileRef = 1E7F76502838D0340035A8E2 /* libCenterAPI.a */; };
		1EF1F3F9286A9E48000460E6 /* APICenterModule.strings in Resources */ = {isa = PBXBuildFile; fileRef = 1EF1F3FB286A9E48000460E6 /* APICenterModule.strings */; };
		EB31A29FD83CE63F9DEFBA76 /* Exported.swift in Sources */ = {isa = PBXBuildFile; fileRef = EB31A39EEF2E4941A946D0F4 /* Exported.swift */; };
		EB31A58D2C6B518D045DB363 /* CenterModule.swift in Sources */ = {isa = PBXBuildFile; fileRef = EB31AA23E1DD77A2EAA89297 /* CenterModule.swift */; };
		EB31A8E1826C3F8CB2B16C1D /* ClientHandler.swift in Sources */ = {isa = PBXBuildFile; fileRef = EB31A1303E828354EF4EA6A2 /* ClientHandler.swift */; };
/* End PBXBuildFile section */

/* Begin PBXContainerItemProxy section */
		1E7F764F2838D0340035A8E2 /* PBXContainerItemProxy */ = {
			isa = PBXContainerItemProxy;
			containerPortal = 1E7F764B2838D0340035A8E2 /* CenterAPI.xcodeproj */;
			proxyType = 2;
			remoteGlobalIDString = 1E7F76412838D0340035A8E2;
			remoteInfo = CenterAPI;
		};
/* End PBXContainerItemProxy section */

/* Begin PBXFileReference section */
		1E7F7546283635880035A8E2 /* Center.framework */ = {isa = PBXFileReference; explicitFileType = wrapper.framework; includeInIndex = 0; path = Center.framework; sourceTree = BUILT_PRODUCTS_DIR; };
		1E7F759E28373B7E0035A8E2 /* Service.framework */ = {isa = PBXFileReference; explicitFileType = wrapper.framework; path = Service.framework; sourceTree = BUILT_PRODUCTS_DIR; };
		1E7F764B2838D0340035A8E2 /* CenterAPI.xcodeproj */ = {isa = PBXFileReference; lastKnownFileType = "wrapper.pb-project"; name = CenterAPI.xcodeproj; path = CenterAPI/CenterAPI.xcodeproj; sourceTree = "<group>"; };
		1EBAFF02285B312100CFF89B /* Center.Debug.xcconfig */ = {isa = PBXFileReference; lastKnownFileType = text.xcconfig; path = Center.Debug.xcconfig; sourceTree = "<group>"; };
		1EBAFF03285B312D00CFF89B /* Center.Release.xcconfig */ = {isa = PBXFileReference; lastKnownFileType = text.xcconfig; path = Center.Release.xcconfig; sourceTree = "<group>"; };
		1EF1F3FA286A9E48000460E6 /* en */ = {isa = PBXFileReference; lastKnownFileType = text.plist.strings; name = en; path = en.lproj/APICenterModule.strings; sourceTree = "<group>"; };
		1EF1F3FC286A9E65000460E6 /* zh-Hans */ = {isa = PBXFileReference; lastKnownFileType = text.plist.strings; name = "zh-Hans"; path = "zh-Hans.lproj/APICenterModule.strings"; sourceTree = "<group>"; };
		EB31A1303E828354EF4EA6A2 /* ClientHandler.swift */ = {isa = PBXFileReference; fileEncoding = 4; lastKnownFileType = sourcecode.swift; path = ClientHandler.swift; sourceTree = "<group>"; };
		EB31A39EEF2E4941A946D0F4 /* Exported.swift */ = {isa = PBXFileReference; fileEncoding = 4; lastKnownFileType = sourcecode.swift; path = Exported.swift; sourceTree = "<group>"; };
		EB31A74475C6EF4572AB671B /* Center.xcconfig */ = {isa = PBXFileReference; fileEncoding = 4; lastKnownFileType = text.xcconfig; path = Center.xcconfig; sourceTree = "<group>"; };
		EB31AA23E1DD77A2EAA89297 /* CenterModule.swift */ = {isa = PBXFileReference; fileEncoding = 4; lastKnownFileType = sourcecode.swift; path = CenterModule.swift; sourceTree = "<group>"; };
/* End PBXFileReference section */

/* Begin PBXFrameworksBuildPhase section */
		1E7F7543283635880035A8E2 /* Frameworks */ = {
			isa = PBXFrameworksBuildPhase;
			buildActionMask = 2147483647;
			files = (
				1E7F759F28373B7E0035A8E2 /* Service.framework in Frameworks */,
				1E7F76542838D05D0035A8E2 /* libCenterAPI.a in Frameworks */,
			);
			runOnlyForDeploymentPostprocessing = 0;
		};
/* End PBXFrameworksBuildPhase section */

/* Begin PBXGroup section */
		1E7F753C283635880035A8E2 = {
			isa = PBXGroup;
			children = (
				1E7F755D283636390035A8E2 /* Sources */,
				1E7F76372838CFE60035A8E2 /* Modules */,
				1EDF08B1283B273E00025E14 /* XCConfig */,
				EB31A6E1D552688A6CB7C7D8 /* Resources */,
				1E7F759D28373B7E0035A8E2 /* Frameworks */,
				1E7F7547283635880035A8E2 /* Products */,
			);
			sourceTree = "<group>";
		};
		1E7F7547283635880035A8E2 /* Products */ = {
			isa = PBXGroup;
			children = (
				1E7F7546283635880035A8E2 /* Center.framework */,
			);
			name = Products;
			sourceTree = "<group>";
		};
		1E7F755D283636390035A8E2 /* Sources */ = {
			isa = PBXGroup;
			children = (
				EB31A39EEF2E4941A946D0F4 /* Exported.swift */,
				EB31AA23E1DD77A2EAA89297 /* CenterModule.swift */,
				EB31A1303E828354EF4EA6A2 /* ClientHandler.swift */,
			);
			path = Sources;
			sourceTree = "<group>";
		};
		1E7F759D28373B7E0035A8E2 /* Frameworks */ = {
			isa = PBXGroup;
			children = (
				1E7F759E28373B7E0035A8E2 /* Service.framework */,
			);
			name = Frameworks;
			sourceTree = "<group>";
		};
		1E7F76372838CFE60035A8E2 /* Modules */ = {
			isa = PBXGroup;
			children = (
				1E7F764B2838D0340035A8E2 /* CenterAPI.xcodeproj */,
			);
			path = Modules;
			sourceTree = "<group>";
		};
		1E7F764C2838D0340035A8E2 /* Products */ = {
			isa = PBXGroup;
			children = (
				1E7F76502838D0340035A8E2 /* libCenterAPI.a */,
			);
			name = Products;
			sourceTree = "<group>";
		};
		1EDF08B1283B273E00025E14 /* XCConfig */ = {
			isa = PBXGroup;
			children = (
				EB31A74475C6EF4572AB671B /* Center.xcconfig */,
				1EBAFF02285B312100CFF89B /* Center.Debug.xcconfig */,
				1EBAFF03285B312D00CFF89B /* Center.Release.xcconfig */,
			);
			path = XCConfig;
			sourceTree = "<group>";
		};
		1EF1F3F6286A9E2B000460E6 /* LocalizableStrings */ = {
			isa = PBXGroup;
			children = (
				1EF1F3FB286A9E48000460E6 /* APICenterModule.strings */,
			);
			path = LocalizableStrings;
			sourceTree = "<group>";
		};
		EB31A6E1D552688A6CB7C7D8 /* Resources */ = {
			isa = PBXGroup;
			children = (
				1EF1F3F6286A9E2B000460E6 /* LocalizableStrings */,
			);
			path = Resources;
			sourceTree = "<group>";
		};
/* End PBXGroup section */

/* Begin PBXHeadersBuildPhase section */
		1E7F7541283635880035A8E2 /* Headers */ = {
			isa = PBXHeadersBuildPhase;
			buildActionMask = 2147483647;
			files = (
			);
			runOnlyForDeploymentPostprocessing = 0;
		};
/* End PBXHeadersBuildPhase section */

/* Begin PBXNativeTarget section */
		1E7F7545283635880035A8E2 /* Center */ = {
			isa = PBXNativeTarget;
			buildConfigurationList = 1E7F754F283635880035A8E2 /* Build configuration list for PBXNativeTarget "Center" */;
			buildPhases = (
				1E7F7541283635880035A8E2 /* Headers */,
				1E7F7542283635880035A8E2 /* Sources */,
				1E7F7543283635880035A8E2 /* Frameworks */,
				1E7F7544283635880035A8E2 /* Resources */,
			);
			buildRules = (
			);
			dependencies = (
			);
			name = Center;
			productName = Center;
			productReference = 1E7F7546283635880035A8E2 /* Center.framework */;
			productType = "com.apple.product-type.framework";
		};
/* End PBXNativeTarget section */

/* Begin PBXProject section */
		1E7F753D283635880035A8E2 /* Project object */ = {
			isa = PBXProject;
			attributes = {
				BuildIndependentTargetsInParallel = 1;
				LastUpgradeCheck = 1340;
				TargetAttributes = {
					1E7F7545283635880035A8E2 = {
						CreatedOnToolsVersion = 13.4;
					};
				};
			};
			buildConfigurationList = 1E7F7540283635880035A8E2 /* Build configuration list for PBXProject "Center" */;
			compatibilityVersion = "Xcode 13.0";
			developmentRegion = en;
			hasScannedForEncodings = 0;
			knownRegions = (
				en,
				Base,
				"zh-Hans",
			);
			mainGroup = 1E7F753C283635880035A8E2;
			productRefGroup = 1E7F7547283635880035A8E2 /* Products */;
			projectDirPath = "";
			projectReferences = (
				{
					ProductGroup = 1E7F764C2838D0340035A8E2 /* Products */;
					ProjectRef = 1E7F764B2838D0340035A8E2 /* CenterAPI.xcodeproj */;
				},
			);
			projectRoot = "";
			targets = (
				1E7F7545283635880035A8E2 /* Center */,
			);
		};
/* End PBXProject section */

/* Begin PBXReferenceProxy section */
		1E7F76502838D0340035A8E2 /* libCenterAPI.a */ = {
			isa = PBXReferenceProxy;
			fileType = archive.ar;
			path = libCenterAPI.a;
			remoteRef = 1E7F764F2838D0340035A8E2 /* PBXContainerItemProxy */;
			sourceTree = BUILT_PRODUCTS_DIR;
		};
/* End PBXReferenceProxy section */

/* Begin PBXResourcesBuildPhase section */
		1E7F7544283635880035A8E2 /* Resources */ = {
			isa = PBXResourcesBuildPhase;
			buildActionMask = 2147483647;
			files = (
				1EF1F3F9286A9E48000460E6 /* APICenterModule.strings in Resources */,
			);
			runOnlyForDeploymentPostprocessing = 0;
		};
/* End PBXResourcesBuildPhase section */

/* Begin PBXSourcesBuildPhase section */
		1E7F7542283635880035A8E2 /* Sources */ = {
			isa = PBXSourcesBuildPhase;
			buildActionMask = 2147483647;
			files = (
				EB31A58D2C6B518D045DB363 /* CenterModule.swift in Sources */,
				EB31A29FD83CE63F9DEFBA76 /* Exported.swift in Sources */,
				EB31A8E1826C3F8CB2B16C1D /* ClientHandler.swift in Sources */,
			);
			runOnlyForDeploymentPostprocessing = 0;
		};
/* End PBXSourcesBuildPhase section */

/* Begin PBXVariantGroup section */
		1EF1F3FB286A9E48000460E6 /* APICenterModule.strings */ = {
			isa = PBXVariantGroup;
			children = (
				1EF1F3FA286A9E48000460E6 /* en */,
				1EF1F3FC286A9E65000460E6 /* zh-Hans */,
			);
			name = APICenterModule.strings;
			sourceTree = "<group>";
		};
/* End PBXVariantGroup section */

/* Begin XCBuildConfiguration section */
		1E7F754D283635880035A8E2 /* Debug */ = {
			isa = XCBuildConfiguration;
			buildSettings = {
				CLANG_ANALYZER_LOCALIZABILITY_NONLOCALIZED = YES;
			};
			name = Debug;
		};
		1E7F754E283635880035A8E2 /* Release */ = {
			isa = XCBuildConfiguration;
			buildSettings = {
				CLANG_ANALYZER_LOCALIZABILITY_NONLOCALIZED = YES;
			};
			name = Release;
		};
		1E7F7550283635880035A8E2 /* Debug */ = {
			isa = XCBuildConfiguration;
			baseConfigurationReference = 1EBAFF02285B312100CFF89B /* Center.Debug.xcconfig */;
			buildSettings = {
			};
			name = Debug;
		};
		1E7F7551283635880035A8E2 /* Release */ = {
			isa = XCBuildConfiguration;
			baseConfigurationReference = 1EBAFF03285B312D00CFF89B /* Center.Release.xcconfig */;
			buildSettings = {
			};
			name = Release;
		};
/* End XCBuildConfiguration section */

/* Begin XCConfigurationList section */
		1E7F7540283635880035A8E2 /* Build configuration list for PBXProject "Center" */ = {
			isa = XCConfigurationList;
			buildConfigurations = (
				1E7F754D283635880035A8E2 /* Debug */,
				1E7F754E283635880035A8E2 /* Release */,
			);
			defaultConfigurationIsVisible = 0;
			defaultConfigurationName = Release;
		};
		1E7F754F283635880035A8E2 /* Build configuration list for PBXNativeTarget "Center" */ = {
			isa = XCConfigurationList;
			buildConfigurations = (
				1E7F7550283635880035A8E2 /* Debug */,
				1E7F7551283635880035A8E2 /* Release */,
			);
			defaultConfigurationIsVisible = 0;
			defaultConfigurationName = Release;
		};
/* End XCConfigurationList section */
	};
	rootObject = 1E7F753D283635880035A8E2 /* Project object */;
}
